Microsoft Visual Studio Solution File, Format Version 9.00
# Visual Studio 2005
Project("{E24C65DC-7377-472B-9ABA-BC803B73C61A}") = "http://localhost/CS_DotNetNuke/", "http://localhost/CS_DotNetNuke", "{D9A541D6-A0AA-4849-9146-3AA74B151C7C}"
	ProjectSection(WebsiteProperties) = preProject
		ProjectReferences = "{2F6470AF-AF81-4F6B-AA16-A87A700B18DB}|DotNetNuke.Authentication.ADSI.dll;{42E4A15C-198C-49CE-BCD8-9E5EB1168D00}|DotNetNuke.HttpModules.Authentication.dll;{6F0A5B23-E09F-431A-879A-993CB77E23D8}|DotNetNuke.HttpModules.DNNMembership.dll;{24AEAE9B-99C5-487C-9962-EFF88A3C6230}|DotNetNuke.HttpModules.Exception.dll;{565221D8-79DC-483C-A92F-23E7A77F4197}|DotNetNuke.HttpModules.Personalization.dll;{F336D16D-E512-42CC-876A-9E0118F87514}|DotNetNuke.HttpModules.UrlRewrite.dll;{7B7C5C9A-23B0-492C-8E9B-EDA4DF6BA101}|DotNetNuke.HttpModules.UsersOnline.dll;{EB5D23A1-7E8C-43BA-BD20-F43398D60D26}|DotNetNuke.Authentication.ADSIProvider.dll;{282FB137-A43A-42B8-AC9E-B8B39CC2B636}|DotNetNuke.Caching.BroadcastPollingCachingProvider.dll;{E50121FB-510D-415B-81AC-4CE768070EF1}|DotNetNuke.Caching.BroadcastPollingCachingProvider.SQLDataProvider.dll;{D206D80A-DE26-4441-A8CD-0C70D2EB0C38}|DotNetNuke.Caching.FileBasedCachingProvider.dll;{A566C3FB-176F-4EF7-A2EB-CB22F2741082}|DotNetNuke.Provider.DBLoggingProvider.dll;{7A901229-482F-41AE-B43E-1B2B77560822}|DotNetNuke.Provider.DBLoggingProvider.SqlDataProvider.dll;{982CB668-91F8-43BB-AC80-D4E178E6D2B4}|DotNetNuke.DNNDropDownNavigationProvider.dll;{78BC5861-5023-4370-A30A-EC7629E93ED1}|DotNetNuke.DNNMenuNavigationProvider.dll;{6F610B3E-218D-4209-8028-E8978A76CFB9}|DotNetNuke.DNNScheduler.dll;{31B8EEE0-1302-44AB-ABBF-6BF2F1D6EC60}|DotNetNuke.DNNScheduler.SqlDataProvider.dll;{4F30AA90-BE74-4354-B3E1-DE0004F5E395}|DotNetNuke.DNNTreeNavigationProvider.dll;{0D7E8101-E36A-4904-AD9F-567D5F396A02}|DotNetNuke.Ftb3HtmlEditorProvider.dll;{A45415E3-625B-4C90-9345-8E8C7DD9D28D}|DotNetNuke.Search.DataStore.dll;{FD8FCDFF-64FC-4EAE-BECC-A9546E1DCB44}|DotNetNuke.Search.Index.dll;{1A19AB44-33A4-4222-A420-7B213E91C647}|DotNetNuke.SolpartMenuNavigationProvider.dll;{F8623BD1-92F0-40D8-A32C-364D26B228FE}|DotNetNuke.SqlDataProvider.dll;{4EB18E71-DB16-4E61-9493-7DB3EBDF3D2B}|DotNetNuke.XMLLoggingProvider.dll;{89093FD0-076F-48CD-9232-B665226CDBF0}|CountryListBox.dll;{6A2C6160-2905-407B-9575-16210528F4C8}|DotNetNuke.Provider.AspNetProvider.dll;{C2F70937-7E98-489C-8675-29E12790A471}|DotNetNuke.Provider.Membership.SqlDataProvider.dll;{B15A45FA-02F8-4F09-A04B-13B7920CABCE}|DotNetNuke.Membership.Dataprovider.dll;{DE2B348A-1DAD-4630-9F55-788F8CCBAD02}|DotNetNuke.Provider.DNNProvider.dll;{1012996F-79CF-4175-81D7-B3B131A81489}|DotNetNuke.ASP2MenuNavigationProvider.dll;{BD54C946-FE71-4E5F-B4B0-61BE98FCBF35}|DotNetNuke.dll;{2C2FC1EF-C61F-448A-AD25-87391E1208F6}|DotNetNuke.WebControls.dll;"
		Debug.AspNetCompiler.VirtualPath = "/CS_PreCompiled"
		Debug.AspNetCompiler.PhysicalPath = "CS_Website\"
		Debug.AspNetCompiler.TargetPath = "CS_PreCompiled\"
		Debug.AspNetCompiler.Updateable = "false"
		Debug.AspNetCompiler.ForceOverwrite = "true"
		Debug.AspNetCompiler.FixedNames = "false"
		Debug.AspNetCompiler.Debug = "True"
		Release.AspNetCompiler.VirtualPath = "/CS_PreCompiled"
		Release.AspNetCompiler.PhysicalPath = "CS_Website\"
		Release.AspNetCompiler.TargetPath = "CS_PreCompiled\"
		Release.AspNetCompiler.Updateable = "false"
		Release.AspNetCompiler.ForceOverwrite = "true"
		Release.AspNetCompiler.FixedNames = "false"
		Release.AspNetCompiler.Debug = "False"
		SlnRelativePath = "CS_Website\"
		DefaultWebSiteLanguage = "Visual C#"
	EndProjectSection
EndProject
Project("{FAE04EC0-301F-11D3-BF4B-00C04F79EFBC}") = "DotNetNuke.Library", "CS_Library\DotNetNuke.Library.csproj", "{BD54C946-FE71-4E5F-B4B0-61BE98FCBF35}"
	ProjectSection(WebsiteProperties) = preProject
		Debug.AspNetCompiler.Debug = "True"
		Release.AspNetCompiler.Debug = "False"
	EndProjectSection
EndProject
Project("{FAE04EC0-301F-11D3-BF4B-00C04F79EFBC}") = "WebUtility", "CS_Library\Controls\WebUtility\WebUtility.csproj", "{54F96926-802C-408E-A04B-F56859C0308C}"
	ProjectSection(WebsiteProperties) = preProject
		Debug.AspNetCompiler.Debug = "True"
		Release.AspNetCompiler.Debug = "False"
	EndProjectSection
EndProject
Project("{FAE04EC0-301F-11D3-BF4B-00C04F79EFBC}") = "WebControls", "CS_Library\Controls\WebControls\WebControls.csproj", "{2C2FC1EF-C61F-448A-AD25-87391E1208F6}"
	ProjectSection(WebsiteProperties) = preProject
		Debug.AspNetCompiler.Debug = "True"
		Release.AspNetCompiler.Debug = "False"
	EndProjectSection
EndProject
Project("{FAE04EC0-301F-11D3-BF4B-00C04F79EFBC}") = "HttpModule.DNNMembership", "CS_Library\HttpModules\DNNMembership\HttpModule.DNNMembership.csproj", "{6F0A5B23-E09F-431A-879A-993CB77E23D8}"
	ProjectSection(WebsiteProperties) = preProject
		Debug.AspNetCompiler.Debug = "True"
		Release.AspNetCompiler.Debug = "False"
	EndProjectSection
EndProject
Project("{FAE04EC0-301F-11D3-BF4B-00C04F79EFBC}") = "HttpModule.Exception", "CS_Library\HttpModules\Exception\HttpModule.Exception.csproj", "{24AEAE9B-99C5-487C-9962-EFF88A3C6230}"
	ProjectSection(WebsiteProperties) = preProject
		Debug.AspNetCompiler.Debug = "True"
		Release.AspNetCompiler.Debug = "False"
	EndProjectSection
EndProject
Project("{FAE04EC0-301F-11D3-BF4B-00C04F79EFBC}") = "HttpModule.Personalization", "CS_Library\HttpModules\Personalization\HttpModule.Personalization.csproj", "{565221D8-79DC-483C-A92F-23E7A77F4197}"
	ProjectSection(WebsiteProperties) = preProject
		Debug.AspNetCompiler.Debug = "True"
		Release.AspNetCompiler.Debug = "False"
	EndProjectSection
EndProject
Project("{FAE04EC0-301F-11D3-BF4B-00C04F79EFBC}") = "HttpModule.UrlRewrite", "CS_Library\HttpModules\UrlRewrite\HttpModule.UrlRewrite.csproj", "{F336D16D-E512-42CC-876A-9E0118F87514}"
	ProjectSection(WebsiteProperties) = preProject
		Debug.AspNetCompiler.Debug = "True"
		Release.AspNetCompiler.Debug = "False"
	EndProjectSection
EndProject
Project("{FAE04EC0-301F-11D3-BF4B-00C04F79EFBC}") = "HttpModule.UsersOnline", "CS_Library\HttpModules\UsersOnline\HttpModule.UsersOnline.csproj", "{7B7C5C9A-23B0-492C-8E9B-EDA4DF6BA101}"
	ProjectSection(WebsiteProperties) = preProject
		Debug.AspNetCompiler.Debug = "True"
		Release.AspNetCompiler.Debug = "False"
	EndProjectSection
EndProject
Project("{FAE04EC0-301F-11D3-BF4B-00C04F79EFBC}") = "Provider.Caching.BroadcastPollingCachingProvider", "CS_Library\Providers\CachingProviders\BroadcastPollingCachingProvider\Provider.Caching.BroadcastPollingCachingProvider.csproj", "{282FB137-A43A-42B8-AC9E-B8B39CC2B636}"
	ProjectSection(WebsiteProperties) = preProject
		Debug.AspNetCompiler.Debug = "True"
		Release.AspNetCompiler.Debug = "False"
	EndProjectSection
EndProject
Project("{FAE04EC0-301F-11D3-BF4B-00C04F79EFBC}") = "Provider.Caching.BroadcastPollingCachingProvider.SQLDataProvider", "CS_Library\Providers\CachingProviders\BroadcastPollingCachingProvider\Providers\SQLDataProvider\Provider.Caching.BroadcastPollingCachingProvider.SQLDataProvider.csproj", "{E50121FB-510D-415B-81AC-4CE768070EF1}"
	ProjectSection(WebsiteProperties) = preProject
		Debug.AspNetCompiler.Debug = "True"
		Release.AspNetCompiler.Debug = "False"
	EndProjectSection
EndProject
Project("{FAE04EC0-301F-11D3-BF4B-00C04F79EFBC}") = "Provider.Caching.FileBasedCachingProvider", "CS_Library\Providers\CachingProviders\FileBasedCachingProvider\Provider.Caching.FileBasedCachingProvider.csproj", "{D206D80A-DE26-4441-A8CD-0C70D2EB0C38}"
	ProjectSection(WebsiteProperties) = preProject
		Debug.AspNetCompiler.Debug = "True"
		Release.AspNetCompiler.Debug = "False"
	EndProjectSection
EndProject
Project("{FAE04EC0-301F-11D3-BF4B-00C04F79EFBC}") = "Provider.SqlDataProvider", "CS_Library\Providers\DataProviders\SqlDataProvider\Provider.SqlDataProvider.csproj", "{F8623BD1-92F0-40D8-A32C-364D26B228FE}"
	ProjectSection(WebsiteProperties) = preProject
		Debug.AspNetCompiler.Debug = "True"
		Release.AspNetCompiler.Debug = "False"
	EndProjectSection
EndProject
Project("{FAE04EC0-301F-11D3-BF4B-00C04F79EFBC}") = "Provider.Ftb3HtmlEditorProvider", "CS_Library\Providers\HtmlEditorProviders\Ftb3HtmlEditorProvider\Provider.Ftb3HtmlEditorProvider.csproj", "{0D7E8101-E36A-4904-AD9F-567D5F396A02}"
	ProjectSection(WebsiteProperties) = preProject
		Debug.AspNetCompiler.Debug = "True"
		Release.AspNetCompiler.Debug = "False"
	EndProjectSection
EndProject
Project("{FAE04EC0-301F-11D3-BF4B-00C04F79EFBC}") = "Provider.DBLoggingProvider", "CS_Library\Providers\LoggingProviders\Provider.DBLoggingProvider\Provider.DBLoggingProvider.csproj", "{A566C3FB-176F-4EF7-A2EB-CB22F2741082}"
	ProjectSection(WebsiteProperties) = preProject
		Debug.AspNetCompiler.Debug = "True"
		Release.AspNetCompiler.Debug = "False"
	EndProjectSection
EndProject
Project("{FAE04EC0-301F-11D3-BF4B-00C04F79EFBC}") = "Provider.DBLoggingProvider.SqlDataProvider", "CS_Library\Providers\LoggingProviders\Provider.DBLoggingProvider\Providers\SqlDataProvider\Provider.DBLoggingProvider.SqlDataProvider.csproj", "{7A901229-482F-41AE-B43E-1B2B77560822}"
	ProjectSection(WebsiteProperties) = preProject
		Debug.AspNetCompiler.Debug = "True"
		Release.AspNetCompiler.Debug = "False"
	EndProjectSection
EndProject
Project("{FAE04EC0-301F-11D3-BF4B-00C04F79EFBC}") = "Provider.XMLLoggingProvider", "CS_Library\Providers\LoggingProviders\XMLLoggingProvider\Provider.XMLLoggingProvider.csproj", "{4EB18E71-DB16-4E61-9493-7DB3EBDF3D2B}"
	ProjectSection(WebsiteProperties) = preProject
		Debug.AspNetCompiler.Debug = "True"
		Release.AspNetCompiler.Debug = "False"
	EndProjectSection
EndProject
Project("{FAE04EC0-301F-11D3-BF4B-00C04F79EFBC}") = "Provider.DNNDropDownNavigationProvider", "CS_Library\Providers\NavigationProviders\DNNDropDownNavigationProvider\Provider.DNNDropDownNavigationProvider.csproj", "{982CB668-91F8-43BB-AC80-D4E178E6D2B4}"
	ProjectSection(WebsiteProperties) = preProject
		Debug.AspNetCompiler.Debug = "True"
		Release.AspNetCompiler.Debug = "False"
	EndProjectSection
EndProject
Project("{FAE04EC0-301F-11D3-BF4B-00C04F79EFBC}") = "Provider.DNNMenuNavigationProvider", "CS_Library\Providers\NavigationProviders\DNNMenuNavigationProvider\Provider.DNNMenuNavigationProvider.csproj", "{78BC5861-5023-4370-A30A-EC7629E93ED1}"
	ProjectSection(WebsiteProperties) = preProject
		Debug.AspNetCompiler.Debug = "True"
		Release.AspNetCompiler.Debug = "False"
	EndProjectSection
EndProject
Project("{FAE04EC0-301F-11D3-BF4B-00C04F79EFBC}") = "Provider.DNNTreeNavigationProvider", "CS_Library\Providers\NavigationProviders\DNNTreeNavigationProvider\Provider.DNNTreeNavigationProvider.csproj", "{4F30AA90-BE74-4354-B3E1-DE0004F5E395}"
	ProjectSection(WebsiteProperties) = preProject
		Debug.AspNetCompiler.Debug = "True"
		Release.AspNetCompiler.Debug = "False"
	EndProjectSection
EndProject
Project("{FAE04EC0-301F-11D3-BF4B-00C04F79EFBC}") = "Provider.SolpartMenuNavigationProvider", "CS_Library\Providers\NavigationProviders\SolpartMenuNavigationProvider\Provider.SolpartMenuNavigationProvider.csproj", "{1A19AB44-33A4-4222-A420-7B213E91C647}"
	ProjectSection(WebsiteProperties) = preProject
		Debug.AspNetCompiler.Debug = "True"
		Release.AspNetCompiler.Debug = "False"
	EndProjectSection
EndProject
Project("{FAE04EC0-301F-11D3-BF4B-00C04F79EFBC}") = "Provider.DNNScheduler", "CS_Library\Providers\SchedulingProviders\DNNScheduler\Provider.DNNScheduler.csproj", "{6F610B3E-218D-4209-8028-E8978A76CFB9}"
	ProjectSection(WebsiteProperties) = preProject
		Debug.AspNetCompiler.Debug = "True"
		Release.AspNetCompiler.Debug = "False"
	EndProjectSection
EndProject
Project("{FAE04EC0-301F-11D3-BF4B-00C04F79EFBC}") = "Provider.DNNScheduler.SQLDataProvider", "CS_Library\Providers\SchedulingProviders\DNNScheduler\Providers\SqlDataProvider\Provider.DNNScheduler.SQLDataProvider.csproj", "{31B8EEE0-1302-44AB-ABBF-6BF2F1D6EC60}"
	ProjectSection(WebsiteProperties) = preProject
		Debug.AspNetCompiler.Debug = "True"
		Release.AspNetCompiler.Debug = "False"
	EndProjectSection
EndProject
Project("{FAE04EC0-301F-11D3-BF4B-00C04F79EFBC}") = "Provider.Search.Index", "CS_Library\Providers\SearchProviders\ModuleIndexer\Provider.Search.Index.csproj", "{FD8FCDFF-64FC-4EAE-BECC-A9546E1DCB44}"
	ProjectSection(WebsiteProperties) = preProject
		Debug.AspNetCompiler.Debug = "True"
		Release.AspNetCompiler.Debug = "False"
	EndProjectSection
EndProject
Project("{FAE04EC0-301F-11D3-BF4B-00C04F79EFBC}") = "Provider.Search.DataStore", "CS_Library\Providers\SearchProviders\SearchDataStore\Provider.Search.DataStore.csproj", "{A45415E3-625B-4C90-9345-8E8C7DD9D28D}"
	ProjectSection(WebsiteProperties) = preProject
		Debug.AspNetCompiler.Debug = "True"
		Release.AspNetCompiler.Debug = "False"
	EndProjectSection
EndProject
Project("{FAE04EC0-301F-11D3-BF4B-00C04F79EFBC}") = "CountryListBox", "CS_Library\Controls\CountryListBox\CountryListBox.csproj", "{89093FD0-076F-48CD-9232-B665226CDBF0}"
	ProjectSection(WebsiteProperties) = preProject
		Debug.AspNetCompiler.Debug = "True"
		Release.AspNetCompiler.Debug = "False"
	EndProjectSection
EndProject
Project("{2150E333-8FDC-42A3-9474-1A3956D46DE8}") = "Solution Items", "Solution Items", "{C6E370A5-ECF3-4AAD-AF79-3D392D963861}"
	ProjectSection(WebsiteProperties) = preProject
		Debug.AspNetCompiler.Debug = "True"
		Release.AspNetCompiler.Debug = "False"
	EndProjectSection
	ProjectSection(FolderStartupServices) = postProject
		{B4F97281-0DBD-4835-9ED8-7DFB966E87FF} = {B4F97281-0DBD-4835-9ED8-7DFB966E87FF}
		{B4F97281-0DBD-4835-9ED8-7DFB966E87FF} = {B4F97281-0DBD-4835-9ED8-7DFB966E87FF}
		{B4F97281-0DBD-4835-9ED8-7DFB966E87FF} = {B4F97281-0DBD-4835-9ED8-7DFB966E87FF}
		{B4F97281-0DBD-4835-9ED8-7DFB966E87FF} = {B4F97281-0DBD-4835-9ED8-7DFB966E87FF}
		{B4F97281-0DBD-4835-9ED8-7DFB966E87FF} = {B4F97281-0DBD-4835-9ED8-7DFB966E87FF}
		{B4F97281-0DBD-4835-9ED8-7DFB966E87FF} = {B4F97281-0DBD-4835-9ED8-7DFB966E87FF}
		{B4F97281-0DBD-4835-9ED8-7DFB966E87FF} = {B4F97281-0DBD-4835-9ED8-7DFB966E87FF}
		{B4F97281-0DBD-4835-9ED8-7DFB966E87FF} = {B4F97281-0DBD-4835-9ED8-7DFB966E87FF}
		{B4F97281-0DBD-4835-9ED8-7DFB966E87FF} = {B4F97281-0DBD-4835-9ED8-7DFB966E87FF}
		{B4F97281-0DBD-4835-9ED8-7DFB966E87FF} = {B4F97281-0DBD-4835-9ED8-7DFB966E87FF}
		{B4F97281-0DBD-4835-9ED8-7DFB966E87FF} = {B4F97281-0DBD-4835-9ED8-7DFB966E87FF}
		{B4F97281-0DBD-4835-9ED8-7DFB966E87FF} = {B4F97281-0DBD-4835-9ED8-7DFB966E87FF}
		{B4F97281-0DBD-4835-9ED8-7DFB966E87FF} = {B4F97281-0DBD-4835-9ED8-7DFB966E87FF}
		{B4F97281-0DBD-4835-9ED8-7DFB966E87FF} = {B4F97281-0DBD-4835-9ED8-7DFB966E87FF}
		{B4F97281-0DBD-4835-9ED8-7DFB966E87FF} = {B4F97281-0DBD-4835-9ED8-7DFB966E87FF}
		{B4F97281-0DBD-4835-9ED8-7DFB966E87FF} = {B4F97281-0DBD-4835-9ED8-7DFB966E87FF}
		{B4F97281-0DBD-4835-9ED8-7DFB966E87FF} = {B4F97281-0DBD-4835-9ED8-7DFB966E87FF}
		{B4F97281-0DBD-4835-9ED8-7DFB966E87FF} = {B4F97281-0DBD-4835-9ED8-7DFB966E87FF}
		{B4F97281-0DBD-4835-9ED8-7DFB966E87FF} = {B4F97281-0DBD-4835-9ED8-7DFB966E87FF}
		{B4F97281-0DBD-4835-9ED8-7DFB966E87FF} = {B4F97281-0DBD-4835-9ED8-7DFB966E87FF}
		{B4F97281-0DBD-4835-9ED8-7DFB966E87FF} = {B4F97281-0DBD-4835-9ED8-7DFB966E87FF}
		{B4F97281-0DBD-4835-9ED8-7DFB966E87FF} = {B4F97281-0DBD-4835-9ED8-7DFB966E87FF}
		{B4F97281-0DBD-4835-9ED8-7DFB966E87FF} = {B4F97281-0DBD-4835-9ED8-7DFB966E87FF}
		{B4F97281-0DBD-4835-9ED8-7DFB966E87FF} = {B4F97281-0DBD-4835-9ED8-7DFB966E87FF}
		{B4F97281-0DBD-4835-9ED8-7DFB966E87FF} = {B4F97281-0DBD-4835-9ED8-7DFB966E87FF}
		{B4F97281-0DBD-4835-9ED8-7DFB966E87FF} = {B4F97281-0DBD-4835-9ED8-7DFB966E87FF}
		{B4F97281-0DBD-4835-9ED8-7DFB966E87FF} = {B4F97281-0DBD-4835-9ED8-7DFB966E87FF}
		{B4F97281-0DBD-4835-9ED8-7DFB966E87FF} = {B4F97281-0DBD-4835-9ED8-7DFB966E87FF}
		{B4F97281-0DBD-4835-9ED8-7DFB966E87FF} = {B4F97281-0DBD-4835-9ED8-7DFB966E87FF}
		{B4F97281-0DBD-4835-9ED8-7DFB966E87FF} = {B4F97281-0DBD-4835-9ED8-7DFB966E87FF}
		{B4F97281-0DBD-4835-9ED8-7DFB966E87FF} = {B4F97281-0DBD-4835-9ED8-7DFB966E87FF}
		{B4F97281-0DBD-4835-9ED8-7DFB966E87FF} = {B4F97281-0DBD-4835-9ED8-7DFB966E87FF}
		{B4F97281-0DBD-4835-9ED8-7DFB966E87FF} = {B4F97281-0DBD-4835-9ED8-7DFB966E87FF}
		{B4F97281-0DBD-4835-9ED8-7DFB966E87FF} = {B4F97281-0DBD-4835-9ED8-7DFB966E87FF}
		{B4F97281-0DBD-4835-9ED8-7DFB966E87FF} = {B4F97281-0DBD-4835-9ED8-7DFB966E87FF}
		{B4F97281-0DBD-4835-9ED8-7DFB966E87FF} = {B4F97281-0DBD-4835-9ED8-7DFB966E87FF}
		{B4F97281-0DBD-4835-9ED8-7DFB966E87FF} = {B4F97281-0DBD-4835-9ED8-7DFB966E87FF}
		{B4F97281-0DBD-4835-9ED8-7DFB966E87FF} = {B4F97281-0DBD-4835-9ED8-7DFB966E87FF}
		{B4F97281-0DBD-4835-9ED8-7DFB966E87FF} = {B4F97281-0DBD-4835-9ED8-7DFB966E87FF}
		{B4F97281-0DBD-4835-9ED8-7DFB966E87FF} = {B4F97281-0DBD-4835-9ED8-7DFB966E87FF}
		{B4F97281-0DBD-4835-9ED8-7DFB966E87FF} = {B4F97281-0DBD-4835-9ED8-7DFB966E87FF}
		{B4F97281-0DBD-4835-9ED8-7DFB966E87FF} = {B4F97281-0DBD-4835-9ED8-7DFB966E87FF}
		{B4F97281-0DBD-4835-9ED8-7DFB966E87FF} = {B4F97281-0DBD-4835-9ED8-7DFB966E87FF}
		{B4F97281-0DBD-4835-9ED8-7DFB966E87FF} = {B4F97281-0DBD-4835-9ED8-7DFB966E87FF}
		{B4F97281-0DBD-4835-9ED8-7DFB966E87FF} = {B4F97281-0DBD-4835-9ED8-7DFB966E87FF}
		{B4F97281-0DBD-4835-9ED8-7DFB966E87FF} = {B4F97281-0DBD-4835-9ED8-7DFB966E87FF}
		{B4F97281-0DBD-4835-9ED8-7DFB966E87FF} = {B4F97281-0DBD-4835-9ED8-7DFB966E87FF}
		{B4F97281-0DBD-4835-9ED8-7DFB966E87FF} = {B4F97281-0DBD-4835-9ED8-7DFB966E87FF}
		{B4F97281-0DBD-4835-9ED8-7DFB966E87FF} = {B4F97281-0DBD-4835-9ED8-7DFB966E87FF}
		{B4F97281-0DBD-4835-9ED8-7DFB966E87FF} = {B4F97281-0DBD-4835-9ED8-7DFB966E87FF}
		{B4F97281-0DBD-4835-9ED8-7DFB966E87FF} = {B4F97281-0DBD-4835-9ED8-7DFB966E87FF}
		{B4F97281-0DBD-4835-9ED8-7DFB966E87FF} = {B4F97281-0DBD-4835-9ED8-7DFB966E87FF}
		{B4F97281-0DBD-4835-9ED8-7DFB966E87FF} = {B4F97281-0DBD-4835-9ED8-7DFB966E87FF}
		{B4F97281-0DBD-4835-9ED8-7DFB966E87FF} = {B4F97281-0DBD-4835-9ED8-7DFB966E87FF}
		{B4F97281-0DBD-4835-9ED8-7DFB966E87FF} = {B4F97281-0DBD-4835-9ED8-7DFB966E87FF}
		{B4F97281-0DBD-4835-9ED8-7DFB966E87FF} = {B4F97281-0DBD-4835-9ED8-7DFB966E87FF}
		{B4F97281-0DBD-4835-9ED8-7DFB966E87FF} = {B4F97281-0DBD-4835-9ED8-7DFB966E87FF}
		{B4F97281-0DBD-4835-9ED8-7DFB966E87FF} = {B4F97281-0DBD-4835-9ED8-7DFB966E87FF}
		{B4F97281-0DBD-4835-9ED8-7DFB966E87FF} = {B4F97281-0DBD-4835-9ED8-7DFB966E87FF}
		{B4F97281-0DBD-4835-9ED8-7DFB966E87FF} = {B4F97281-0DBD-4835-9ED8-7DFB966E87FF}
		{B4F97281-0DBD-4835-9ED8-7DFB966E87FF} = {B4F97281-0DBD-4835-9ED8-7DFB966E87FF}
		{B4F97281-0DBD-4835-9ED8-7DFB966E87FF} = {B4F97281-0DBD-4835-9ED8-7DFB966E87FF}
		{B4F97281-0DBD-4835-9ED8-7DFB966E87FF} = {B4F97281-0DBD-4835-9ED8-7DFB966E87FF}
		{B4F97281-0DBD-4835-9ED8-7DFB966E87FF} = {B4F97281-0DBD-4835-9ED8-7DFB966E87FF}
		{B4F97281-0DBD-4835-9ED8-7DFB966E87FF} = {B4F97281-0DBD-4835-9ED8-7DFB966E87FF}
		{B4F97281-0DBD-4835-9ED8-7DFB966E87FF} = {B4F97281-0DBD-4835-9ED8-7DFB966E87FF}
		{B4F97281-0DBD-4835-9ED8-7DFB966E87FF} = {B4F97281-0DBD-4835-9ED8-7DFB966E87FF}
		{B4F97281-0DBD-4835-9ED8-7DFB966E87FF} = {B4F97281-0DBD-4835-9ED8-7DFB966E87FF}
		{B4F97281-0DBD-4835-9ED8-7DFB966E87FF} = {B4F97281-0DBD-4835-9ED8-7DFB966E87FF}
		{B4F97281-0DBD-4835-9ED8-7DFB966E87FF} = {B4F97281-0DBD-4835-9ED8-7DFB966E87FF}
		{B4F97281-0DBD-4835-9ED8-7DFB966E87FF} = {B4F97281-0DBD-4835-9ED8-7DFB966E87FF}
		{B4F97281-0DBD-4835-9ED8-7DFB966E87FF} = {B4F97281-0DBD-4835-9ED8-7DFB966E87FF}
		{B4F97281-0DBD-4835-9ED8-7DFB966E87FF} = {B4F97281-0DBD-4835-9ED8-7DFB966E87FF}
		{B4F97281-0DBD-4835-9ED8-7DFB966E87FF} = {B4F97281-0DBD-4835-9ED8-7DFB966E87FF}
		{B4F97281-0DBD-4835-9ED8-7DFB966E87FF} = {B4F97281-0DBD-4835-9ED8-7DFB966E87FF}
		{B4F97281-0DBD-4835-9ED8-7DFB966E87FF} = {B4F97281-0DBD-4835-9ED8-7DFB966E87FF}
		{B4F97281-0DBD-4835-9ED8-7DFB966E87FF} = {B4F97281-0DBD-4835-9ED8-7DFB966E87FF}
		{B4F97281-0DBD-4835-9ED8-7DFB966E87FF} = {B4F97281-0DBD-4835-9ED8-7DFB966E87FF}
		{B4F97281-0DBD-4835-9ED8-7DFB966E87FF} = {B4F97281-0DBD-4835-9ED8-7DFB966E87FF}
		{B4F97281-0DBD-4835-9ED8-7DFB966E87FF} = {B4F97281-0DBD-4835-9ED8-7DFB966E87FF}
		{B4F97281-0DBD-4835-9ED8-7DFB966E87FF} = {B4F97281-0DBD-4835-9ED8-7DFB966E87FF}
		{B4F97281-0DBD-4835-9ED8-7DFB966E87FF} = {B4F97281-0DBD-4835-9ED8-7DFB966E87FF}
		{B4F97281-0DBD-4835-9ED8-7DFB966E87FF} = {B4F97281-0DBD-4835-9ED8-7DFB966E87FF}
		{B4F97281-0DBD-4835-9ED8-7DFB966E87FF} = {B4F97281-0DBD-4835-9ED8-7DFB966E87FF}
		{B4F97281-0DBD-4835-9ED8-7DFB966E87FF} = {B4F97281-0DBD-4835-9ED8-7DFB966E87FF}
		{B4F97281-0DBD-4835-9ED8-7DFB966E87FF} = {B4F97281-0DBD-4835-9ED8-7DFB966E87FF}
		{B4F97281-0DBD-4835-9ED8-7DFB966E87FF} = {B4F97281-0DBD-4835-9ED8-7DFB966E87FF}
		{B4F97281-0DBD-4835-9ED8-7DFB966E87FF} = {B4F97281-0DBD-4835-9ED8-7DFB966E87FF}
		{B4F97281-0DBD-4835-9ED8-7DFB966E87FF} = {B4F97281-0DBD-4835-9ED8-7DFB966E87FF}
		{B4F97281-0DBD-4835-9ED8-7DFB966E87FF} = {B4F97281-0DBD-4835-9ED8-7DFB966E87FF}
		{B4F97281-0DBD-4835-9ED8-7DFB966E87FF} = {B4F97281-0DBD-4835-9ED8-7DFB966E87FF}
		{B4F97281-0DBD-4835-9ED8-7DFB966E87FF} = {B4F97281-0DBD-4835-9ED8-7DFB966E87FF}
		{B4F97281-0DBD-4835-9ED8-7DFB966E87FF} = {B4F97281-0DBD-4835-9ED8-7DFB966E87FF}
		{B4F97281-0DBD-4835-9ED8-7DFB966E87FF} = {B4F97281-0DBD-4835-9ED8-7DFB966E87FF}
		{B4F97281-0DBD-4835-9ED8-7DFB966E87FF} = {B4F97281-0DBD-4835-9ED8-7DFB966E87FF}
		{B4F97281-0DBD-4835-9ED8-7DFB966E87FF} = {B4F97281-0DBD-4835-9ED8-7DFB966E87FF}
		{B4F97281-0DBD-4835-9ED8-7DFB966E87FF} = {B4F97281-0DBD-4835-9ED8-7DFB966E87FF}
		{B4F97281-0DBD-4835-9ED8-7DFB966E87FF} = {B4F97281-0DBD-4835-9ED8-7DFB966E87FF}
		{B4F97281-0DBD-4835-9ED8-7DFB966E87FF} = {B4F97281-0DBD-4835-9ED8-7DFB966E87FF}
		{B4F97281-0DBD-4835-9ED8-7DFB966E87FF} = {B4F97281-0DBD-4835-9ED8-7DFB966E87FF}
		{B4F97281-0DBD-4835-9ED8-7DFB966E87FF} = {B4F97281-0DBD-4835-9ED8-7DFB966E87FF}
		{B4F97281-0DBD-4835-9ED8-7DFB966E87FF} = {B4F97281-0DBD-4835-9ED8-7DFB966E87FF}
		{B4F97281-0DBD-4835-9ED8-7DFB966E87FF} = {B4F97281-0DBD-4835-9ED8-7DFB966E87FF}
		{B4F97281-0DBD-4835-9ED8-7DFB966E87FF} = {B4F97281-0DBD-4835-9ED8-7DFB966E87FF}
		{B4F97281-0DBD-4835-9ED8-7DFB966E87FF} = {B4F97281-0DBD-4835-9ED8-7DFB966E87FF}
		{B4F97281-0DBD-4835-9ED8-7DFB966E87FF} = {B4F97281-0DBD-4835-9ED8-7DFB966E87FF}
		{B4F97281-0DBD-4835-9ED8-7DFB966E87FF} = {B4F97281-0DBD-4835-9ED8-7DFB966E87FF}
		{B4F97281-0DBD-4835-9ED8-7DFB966E87FF} = {B4F97281-0DBD-4835-9ED8-7DFB966E87FF}
		{B4F97281-0DBD-4835-9ED8-7DFB966E87FF} = {B4F97281-0DBD-4835-9ED8-7DFB966E87FF}
		{B4F97281-0DBD-4835-9ED8-7DFB966E87FF} = {B4F97281-0DBD-4835-9ED8-7DFB966E87FF}
		{B4F97281-0DBD-4835-9ED8-7DFB966E87FF} = {B4F97281-0DBD-4835-9ED8-7DFB966E87FF}
		{B4F97281-0DBD-4835-9ED8-7DFB966E87FF} = {B4F97281-0DBD-4835-9ED8-7DFB966E87FF}
		{B4F97281-0DBD-4835-9ED8-7DFB966E87FF} = {B4F97281-0DBD-4835-9ED8-7DFB966E87FF}
		{B4F97281-0DBD-4835-9ED8-7DFB966E87FF} = {B4F97281-0DBD-4835-9ED8-7DFB966E87FF}
		{B4F97281-0DBD-4835-9ED8-7DFB966E87FF} = {B4F97281-0DBD-4835-9ED8-7DFB966E87FF}
		{B4F97281-0DBD-4835-9ED8-7DFB966E87FF} = {B4F97281-0DBD-4835-9ED8-7DFB966E87FF}
		{B4F97281-0DBD-4835-9ED8-7DFB966E87FF} = {B4F97281-0DBD-4835-9ED8-7DFB966E87FF}
		{B4F97281-0DBD-4835-9ED8-7DFB966E87FF} = {B4F97281-0DBD-4835-9ED8-7DFB966E87FF}
		{B4F97281-0DBD-4835-9ED8-7DFB966E87FF} = {B4F97281-0DBD-4835-9ED8-7DFB966E87FF}
		{B4F97281-0DBD-4835-9ED8-7DFB966E87FF} = {B4F97281-0DBD-4835-9ED8-7DFB966E87FF}
		{B4F97281-0DBD-4835-9ED8-7DFB966E87FF} = {B4F97281-0DBD-4835-9ED8-7DFB966E87FF}
		{B4F97281-0DBD-4835-9ED8-7DFB966E87FF} = {B4F97281-0DBD-4835-9ED8-7DFB966E87FF}
		{B4F97281-0DBD-4835-9ED8-7DFB966E87FF} = {B4F97281-0DBD-4835-9ED8-7DFB966E87FF}
		{B4F97281-0DBD-4835-9ED8-7DFB966E87FF} = {B4F97281-0DBD-4835-9ED8-7DFB966E87FF}
		{B4F97281-0DBD-4835-9ED8-7DFB966E87FF} = {B4F97281-0DBD-4835-9ED8-7DFB966E87FF}
		{B4F97281-0DBD-4835-9ED8-7DFB966E87FF} = {B4F97281-0DBD-4835-9ED8-7DFB966E87FF}
		{B4F97281-0DBD-4835-9ED8-7DFB966E87FF} = {B4F97281-0DBD-4835-9ED8-7DFB966E87FF}
		{B4F97281-0DBD-4835-9ED8-7DFB966E87FF} = {B4F97281-0DBD-4835-9ED8-7DFB966E87FF}
		{B4F97281-0DBD-4835-9ED8-7DFB966E87FF} = {B4F97281-0DBD-4835-9ED8-7DFB966E87FF}
		{B4F97281-0DBD-4835-9ED8-7DFB966E87FF} = {B4F97281-0DBD-4835-9ED8-7DFB966E87FF}
		{B4F97281-0DBD-4835-9ED8-7DFB966E87FF} = {B4F97281-0DBD-4835-9ED8-7DFB966E87FF}
		{B4F97281-0DBD-4835-9ED8-7DFB966E87FF} = {B4F97281-0DBD-4835-9ED8-7DFB966E87FF}
		{B4F97281-0DBD-4835-9ED8-7DFB966E87FF} = {B4F97281-0DBD-4835-9ED8-7DFB966E87FF}
		{B4F97281-0DBD-4835-9ED8-7DFB966E87FF} = {B4F97281-0DBD-4835-9ED8-7DFB966E87FF}
		{B4F97281-0DBD-4835-9ED8-7DFB966E87FF} = {B4F97281-0DBD-4835-9ED8-7DFB966E87FF}
		{B4F97281-0DBD-4835-9ED8-7DFB966E87FF} = {B4F97281-0DBD-4835-9ED8-7DFB966E87FF}
		{B4F97281-0DBD-4835-9ED8-7DFB966E87FF} = {B4F97281-0DBD-4835-9ED8-7DFB966E87FF}
		{B4F97281-0DBD-4835-9ED8-7DFB966E87FF} = {B4F97281-0DBD-4835-9ED8-7DFB966E87FF}
		{B4F97281-0DBD-4835-9ED8-7DFB966E87FF} = {B4F97281-0DBD-4835-9ED8-7DFB966E87FF}
		{B4F97281-0DBD-4835-9ED8-7DFB966E87FF} = {B4F97281-0DBD-4835-9ED8-7DFB966E87FF}
		{B4F97281-0DBD-4835-9ED8-7DFB966E87FF} = {B4F97281-0DBD-4835-9ED8-7DFB966E87FF}
		{B4F97281-0DBD-4835-9ED8-7DFB966E87FF} = {B4F97281-0DBD-4835-9ED8-7DFB966E87FF}
		{B4F97281-0DBD-4835-9ED8-7DFB966E87FF} = {B4F97281-0DBD-4835-9ED8-7DFB966E87FF}
		{B4F97281-0DBD-4835-9ED8-7DFB966E87FF} = {B4F97281-0DBD-4835-9ED8-7DFB966E87FF}
		{B4F97281-0DBD-4835-9ED8-7DFB966E87FF} = {B4F97281-0DBD-4835-9ED8-7DFB966E87FF}
		{B4F97281-0DBD-4835-9ED8-7DFB966E87FF} = {B4F97281-0DBD-4835-9ED8-7DFB966E87FF}
		{B4F97281-0DBD-4835-9ED8-7DFB966E87FF} = {B4F97281-0DBD-4835-9ED8-7DFB966E87FF}
		{B4F97281-0DBD-4835-9ED8-7DFB966E87FF} = {B4F97281-0DBD-4835-9ED8-7DFB966E87FF}
		{B4F97281-0DBD-4835-9ED8-7DFB966E87FF} = {B4F97281-0DBD-4835-9ED8-7DFB966E87FF}
		{B4F97281-0DBD-4835-9ED8-7DFB966E87FF} = {B4F97281-0DBD-4835-9ED8-7DFB966E87FF}
		{B4F97281-0DBD-4835-9ED8-7DFB966E87FF} = {B4F97281-0DBD-4835-9ED8-7DFB966E87FF}
		{B4F97281-0DBD-4835-9ED8-7DFB966E87FF} = {B4F97281-0DBD-4835-9ED8-7DFB966E87FF}
		{B4F97281-0DBD-4835-9ED8-7DFB966E87FF} = {B4F97281-0DBD-4835-9ED8-7DFB966E87FF}
		{B4F97281-0DBD-4835-9ED8-7DFB966E87FF} = {B4F97281-0DBD-4835-9ED8-7DFB966E87FF}
		{B4F97281-0DBD-4835-9ED8-7DFB966E87FF} = {B4F97281-0DBD-4835-9ED8-7DFB966E87FF}
		{B4F97281-0DBD-4835-9ED8-7DFB966E87FF} = {B4F97281-0DBD-4835-9ED8-7DFB966E87FF}
		{B4F97281-0DBD-4835-9ED8-7DFB966E87FF} = {B4F97281-0DBD-4835-9ED8-7DFB966E87FF}
		{B4F97281-0DBD-4835-9ED8-7DFB966E87FF} = {B4F97281-0DBD-4835-9ED8-7DFB966E87FF}
		{B4F97281-0DBD-4835-9ED8-7DFB966E87FF} = {B4F97281-0DBD-4835-9ED8-7DFB966E87FF}
		{B4F97281-0DBD-4835-9ED8-7DFB966E87FF} = {B4F97281-0DBD-4835-9ED8-7DFB966E87FF}
		{B4F97281-0DBD-4835-9ED8-7DFB966E87FF} = {B4F97281-0DBD-4835-9ED8-7DFB966E87FF}
		{B4F97281-0DBD-4835-9ED8-7DFB966E87FF} = {B4F97281-0DBD-4835-9ED8-7DFB966E87FF}
		{B4F97281-0DBD-4835-9ED8-7DFB966E87FF} = {B4F97281-0DBD-4835-9ED8-7DFB966E87FF}
		{B4F97281-0DBD-4835-9ED8-7DFB966E87FF} = {B4F97281-0DBD-4835-9ED8-7DFB966E87FF}
		{B4F97281-0DBD-4835-9ED8-7DFB966E87FF} = {B4F97281-0DBD-4835-9ED8-7DFB966E87FF}
		{B4F97281-0DBD-4835-9ED8-7DFB966E87FF} = {B4F97281-0DBD-4835-9ED8-7DFB966E87FF}
		{B4F97281-0DBD-4835-9ED8-7DFB966E87FF} = {B4F97281-0DBD-4835-9ED8-7DFB966E87FF}
		{B4F97281-0DBD-4835-9ED8-7DFB966E87FF} = {B4F97281-0DBD-4835-9ED8-7DFB966E87FF}
		{B4F97281-0DBD-4835-9ED8-7DFB966E87FF} = {B4F97281-0DBD-4835-9ED8-7DFB966E87FF}
		{B4F97281-0DBD-4835-9ED8-7DFB966E87FF} = {B4F97281-0DBD-4835-9ED8-7DFB966E87FF}
		{B4F97281-0DBD-4835-9ED8-7DFB966E87FF} = {B4F97281-0DBD-4835-9ED8-7DFB966E87FF}
		{B4F97281-0DBD-4835-9ED8-7DFB966E87FF} = {B4F97281-0DBD-4835-9ED8-7DFB966E87FF}
		{B4F97281-0DBD-4835-9ED8-7DFB966E87FF} = {B4F97281-0DBD-4835-9ED8-7DFB966E87FF}
		{B4F97281-0DBD-4835-9ED8-7DFB966E87FF} = {B4F97281-0DBD-4835-9ED8-7DFB966E87FF}
		{B4F97281-0DBD-4835-9ED8-7DFB966E87FF} = {B4F97281-0DBD-4835-9ED8-7DFB966E87FF}
		{B4F97281-0DBD-4835-9ED8-7DFB966E87FF} = {B4F97281-0DBD-4835-9ED8-7DFB966E87FF}
		{B4F97281-0DBD-4835-9ED8-7DFB966E87FF} = {B4F97281-0DBD-4835-9ED8-7DFB966E87FF}
		{B4F97281-0DBD-4835-9ED8-7DFB966E87FF} = {B4F97281-0DBD-4835-9ED8-7DFB966E87FF}
		{B4F97281-0DBD-4835-9ED8-7DFB966E87FF} = {B4F97281-0DBD-4835-9ED8-7DFB966E87FF}
		{B4F97281-0DBD-4835-9ED8-7DFB966E87FF} = {B4F97281-0DBD-4835-9ED8-7DFB966E87FF}
		{B4F97281-0DBD-4835-9ED8-7DFB966E87FF} = {B4F97281-0DBD-4835-9ED8-7DFB966E87FF}
		{B4F97281-0DBD-4835-9ED8-7DFB966E87FF} = {B4F97281-0DBD-4835-9ED8-7DFB966E87FF}
		{B4F97281-0DBD-4835-9ED8-7DFB966E87FF} = {B4F97281-0DBD-4835-9ED8-7DFB966E87FF}
		{B4F97281-0DBD-4835-9ED8-7DFB966E87FF} = {B4F97281-0DBD-4835-9ED8-7DFB966E87FF}
		{B4F97281-0DBD-4835-9ED8-7DFB966E87FF} = {B4F97281-0DBD-4835-9ED8-7DFB966E87FF}
		{B4F97281-0DBD-4835-9ED8-7DFB966E87FF} = {B4F97281-0DBD-4835-9ED8-7DFB966E87FF}
		{B4F97281-0DBD-4835-9ED8-7DFB966E87FF} = {B4F97281-0DBD-4835-9ED8-7DFB966E87FF}
		{B4F97281-0DBD-4835-9ED8-7DFB966E87FF} = {B4F97281-0DBD-4835-9ED8-7DFB966E87FF}
		{B4F97281-0DBD-4835-9ED8-7DFB966E87FF} = {B4F97281-0DBD-4835-9ED8-7DFB966E87FF}
		{B4F97281-0DBD-4835-9ED8-7DFB966E87FF} = {B4F97281-0DBD-4835-9ED8-7DFB966E87FF}
		{B4F97281-0DBD-4835-9ED8-7DFB966E87FF} = {B4F97281-0DBD-4835-9ED8-7DFB966E87FF}
		{B4F97281-0DBD-4835-9ED8-7DFB966E87FF} = {B4F97281-0DBD-4835-9ED8-7DFB966E87FF}
		{B4F97281-0DBD-4835-9ED8-7DFB966E87FF} = {B4F97281-0DBD-4835-9ED8-7DFB966E87FF}
		{B4F97281-0DBD-4835-9ED8-7DFB966E87FF} = {B4F97281-0DBD-4835-9ED8-7DFB966E87FF}
		{B4F97281-0DBD-4835-9ED8-7DFB966E87FF} = {B4F97281-0DBD-4835-9ED8-7DFB966E87FF}
		{B4F97281-0DBD-4835-9ED8-7DFB966E87FF} = {B4F97281-0DBD-4835-9ED8-7DFB966E87FF}
		{B4F97281-0DBD-4835-9ED8-7DFB966E87FF} = {B4F97281-0DBD-4835-9ED8-7DFB966E87FF}
		{B4F97281-0DBD-4835-9ED8-7DFB966E87FF} = {B4F97281-0DBD-4835-9ED8-7DFB966E87FF}
		{B4F97281-0DBD-4835-9ED8-7DFB966E87FF} = {B4F97281-0DBD-4835-9ED8-7DFB966E87FF}
		{B4F97281-0DBD-4835-9ED8-7DFB966E87FF} = {B4F97281-0DBD-4835-9ED8-7DFB966E87FF}
		{B4F97281-0DBD-4835-9ED8-7DFB966E87FF} = {B4F97281-0DBD-4835-9ED8-7DFB966E87FF}
		{B4F97281-0DBD-4835-9ED8-7DFB966E87FF} = {B4F97281-0DBD-4835-9ED8-7DFB966E87FF}
		{B4F97281-0DBD-4835-9ED8-7DFB966E87FF} = {B4F97281-0DBD-4835-9ED8-7DFB966E87FF}
		{B4F97281-0DBD-4835-9ED8-7DFB966E87FF} = {B4F97281-0DBD-4835-9ED8-7DFB966E87FF}
		{B4F97281-0DBD-4835-9ED8-7DFB966E87FF} = {B4F97281-0DBD-4835-9ED8-7DFB966E87FF}
		{B4F97281-0DBD-4835-9ED8-7DFB966E87FF} = {B4F97281-0DBD-4835-9ED8-7DFB966E87FF}
		{B4F97281-0DBD-4835-9ED8-7DFB966E87FF} = {B4F97281-0DBD-4835-9ED8-7DFB966E87FF}
		{B4F97281-0DBD-4835-9ED8-7DFB966E87FF} = {B4F97281-0DBD-4835-9ED8-7DFB966E87FF}
		{B4F97281-0DBD-4835-9ED8-7DFB966E87FF} = {B4F97281-0DBD-4835-9ED8-7DFB966E87FF}
		{B4F97281-0DBD-4835-9ED8-7DFB966E87FF} = {B4F97281-0DBD-4835-9ED8-7DFB966E87FF}
		{B4F97281-0DBD-4835-9ED8-7DFB966E87FF} = {B4F97281-0DBD-4835-9ED8-7DFB966E87FF}
		{B4F97281-0DBD-4835-9ED8-7DFB966E87FF} = {B4F97281-0DBD-4835-9ED8-7DFB966E87FF}
		{B4F97281-0DBD-4835-9ED8-7DFB966E87FF} = {B4F97281-0DBD-4835-9ED8-7DFB966E87FF}
		{B4F97281-0DBD-4835-9ED8-7DFB966E87FF} = {B4F97281-0DBD-4835-9ED8-7DFB966E87FF}
		{B4F97281-0DBD-4835-9ED8-7DFB966E87FF} = {B4F97281-0DBD-4835-9ED8-7DFB966E87FF}
		{B4F97281-0DBD-4835-9ED8-7DFB966E87FF} = {B4F97281-0DBD-4835-9ED8-7DFB966E87FF}
		{B4F97281-0DBD-4835-9ED8-7DFB966E87FF} = {B4F97281-0DBD-4835-9ED8-7DFB966E87FF}
		{B4F97281-0DBD-4835-9ED8-7DFB966E87FF} = {B4F97281-0DBD-4835-9ED8-7DFB966E87FF}
		{B4F97281-0DBD-4835-9ED8-7DFB966E87FF} = {B4F97281-0DBD-4835-9ED8-7DFB966E87FF}
		{B4F97281-0DBD-4835-9ED8-7DFB966E87FF} = {B4F97281-0DBD-4835-9ED8-7DFB966E87FF}
		{B4F97281-0DBD-4835-9ED8-7DFB966E87FF} = {B4F97281-0DBD-4835-9ED8-7DFB966E87FF}
		{B4F97281-0DBD-4835-9ED8-7DFB966E87FF} = {B4F97281-0DBD-4835-9ED8-7DFB966E87FF}
		{B4F97281-0DBD-4835-9ED8-7DFB966E87FF} = {B4F97281-0DBD-4835-9ED8-7DFB966E87FF}
		{B4F97281-0DBD-4835-9ED8-7DFB966E87FF} = {B4F97281-0DBD-4835-9ED8-7DFB966E87FF}
		{B4F97281-0DBD-4835-9ED8-7DFB966E87FF} = {B4F97281-0DBD-4835-9ED8-7DFB966E87FF}
		{B4F97281-0DBD-4835-9ED8-7DFB966E87FF} = {B4F97281-0DBD-4835-9ED8-7DFB966E87FF}
		{B4F97281-0DBD-4835-9ED8-7DFB966E87FF} = {B4F97281-0DBD-4835-9ED8-7DFB966E87FF}
		{B4F97281-0DBD-4835-9ED8-7DFB966E87FF} = {B4F97281-0DBD-4835-9ED8-7DFB966E87FF}
		{B4F97281-0DBD-4835-9ED8-7DFB966E87FF} = {B4F97281-0DBD-4835-9ED8-7DFB966E87FF}
		{B4F97281-0DBD-4835-9ED8-7DFB966E87FF} = {B4F97281-0DBD-4835-9ED8-7DFB966E87FF}
		{B4F97281-0DBD-4835-9ED8-7DFB966E87FF} = {B4F97281-0DBD-4835-9ED8-7DFB966E87FF}
		{B4F97281-0DBD-4835-9ED8-7DFB966E87FF} = {B4F97281-0DBD-4835-9ED8-7DFB966E87FF}
		{B4F97281-0DBD-4835-9ED8-7DFB966E87FF} = {B4F97281-0DBD-4835-9ED8-7DFB966E87FF}
		{B4F97281-0DBD-4835-9ED8-7DFB966E87FF} = {B4F97281-0DBD-4835-9ED8-7DFB966E87FF}
		{B4F97281-0DBD-4835-9ED8-7DFB966E87FF} = {B4F97281-0DBD-4835-9ED8-7DFB966E87FF}
		{B4F97281-0DBD-4835-9ED8-7DFB966E87FF} = {B4F97281-0DBD-4835-9ED8-7DFB966E87FF}
		{B4F97281-0DBD-4835-9ED8-7DFB966E87FF} = {B4F97281-0DBD-4835-9ED8-7DFB966E87FF}
		{B4F97281-0DBD-4835-9ED8-7DFB966E87FF} = {B4F97281-0DBD-4835-9ED8-7DFB966E87FF}
		{B4F97281-0DBD-4835-9ED8-7DFB966E87FF} = {B4F97281-0DBD-4835-9ED8-7DFB966E87FF}
		{B4F97281-0DBD-4835-9ED8-7DFB966E87FF} = {B4F97281-0DBD-4835-9ED8-7DFB966E87FF}
		{B4F97281-0DBD-4835-9ED8-7DFB966E87FF} = {B4F97281-0DBD-4835-9ED8-7DFB966E87FF}
		{B4F97281-0DBD-4835-9ED8-7DFB966E87FF} = {B4F97281-0DBD-4835-9ED8-7DFB966E87FF}
		{B4F97281-0DBD-4835-9ED8-7DFB966E87FF} = {B4F97281-0DBD-4835-9ED8-7DFB966E87FF}
		{B4F97281-0DBD-4835-9ED8-7DFB966E87FF} = {B4F97281-0DBD-4835-9ED8-7DFB966E87FF}
		{B4F97281-0DBD-4835-9ED8-7DFB966E87FF} = {B4F97281-0DBD-4835-9ED8-7DFB966E87FF}
		{B4F97281-0DBD-4835-9ED8-7DFB966E87FF} = {B4F97281-0DBD-4835-9ED8-7DFB966E87FF}
		{B4F97281-0DBD-4835-9ED8-7DFB966E87FF} = {B4F97281-0DBD-4835-9ED8-7DFB966E87FF}
		{B4F97281-0DBD-4835-9ED8-7DFB966E87FF} = {B4F97281-0DBD-4835-9ED8-7DFB966E87FF}
		{B4F97281-0DBD-4835-9ED8-7DFB966E87FF} = {B4F97281-0DBD-4835-9ED8-7DFB966E87FF}
		{B4F97281-0DBD-4835-9ED8-7DFB966E87FF} = {B4F97281-0DBD-4835-9ED8-7DFB966E87FF}
		{B4F97281-0DBD-4835-9ED8-7DFB966E87FF} = {B4F97281-0DBD-4835-9ED8-7DFB966E87FF}
		{B4F97281-0DBD-4835-9ED8-7DFB966E87FF} = {B4F97281-0DBD-4835-9ED8-7DFB966E87FF}
		{B4F97281-0DBD-4835-9ED8-7DFB966E87FF} = {B4F97281-0DBD-4835-9ED8-7DFB966E87FF}
		{B4F97281-0DBD-4835-9ED8-7DFB966E87FF} = {B4F97281-0DBD-4835-9ED8-7DFB966E87FF}
		{B4F97281-0DBD-4835-9ED8-7DFB966E87FF} = {B4F97281-0DBD-4835-9ED8-7DFB966E87FF}
		{B4F97281-0DBD-4835-9ED8-7DFB966E87FF} = {B4F97281-0DBD-4835-9ED8-7DFB966E87FF}
		{B4F97281-0DBD-4835-9ED8-7DFB966E87FF} = {B4F97281-0DBD-4835-9ED8-7DFB966E87FF}
		{B4F97281-0DBD-4835-9ED8-7DFB966E87FF} = {B4F97281-0DBD-4835-9ED8-7DFB966E87FF}
		{B4F97281-0DBD-4835-9ED8-7DFB966E87FF} = {B4F97281-0DBD-4835-9ED8-7DFB966E87FF}
		{B4F97281-0DBD-4835-9ED8-7DFB966E87FF} = {B4F97281-0DBD-4835-9ED8-7DFB966E87FF}
		{B4F97281-0DBD-4835-9ED8-7DFB966E87FF} = {B4F97281-0DBD-4835-9ED8-7DFB966E87FF}
		{B4F97281-0DBD-4835-9ED8-7DFB966E87FF} = {B4F97281-0DBD-4835-9ED8-7DFB966E87FF}
		{B4F97281-0DBD-4835-9ED8-7DFB966E87FF} = {B4F97281-0DBD-4835-9ED8-7DFB966E87FF}
		{B4F97281-0DBD-4835-9ED8-7DFB966E87FF} = {B4F97281-0DBD-4835-9ED8-7DFB966E87FF}
		{B4F97281-0DBD-4835-9ED8-7DFB966E87FF} = {B4F97281-0DBD-4835-9ED8-7DFB966E87FF}
		{B4F97281-0DBD-4835-9ED8-7DFB966E87FF} = {B4F97281-0DBD-4835-9ED8-7DFB966E87FF}
		{B4F97281-0DBD-4835-9ED8-7DFB966E87FF} = {B4F97281-0DBD-4835-9ED8-7DFB966E87FF}
		{B4F97281-0DBD-4835-9ED8-7DFB966E87FF} = {B4F97281-0DBD-4835-9ED8-7DFB966E87FF}
		{B4F97281-0DBD-4835-9ED8-7DFB966E87FF} = {B4F97281-0DBD-4835-9ED8-7DFB966E87FF}
		{B4F97281-0DBD-4835-9ED8-7DFB966E87FF} = {B4F97281-0DBD-4835-9ED8-7DFB966E87FF}
		{B4F97281-0DBD-4835-9ED8-7DFB966E87FF} = {B4F97281-0DBD-4835-9ED8-7DFB966E87FF}
		{B4F97281-0DBD-4835-9ED8-7DFB966E87FF} = {B4F97281-0DBD-4835-9ED8-7DFB966E87FF}
		{B4F97281-0DBD-4835-9ED8-7DFB966E87FF} = {B4F97281-0DBD-4835-9ED8-7DFB966E87FF}
		{B4F97281-0DBD-4835-9ED8-7DFB966E87FF} = {B4F97281-0DBD-4835-9ED8-7DFB966E87FF}
		{B4F97281-0DBD-4835-9ED8-7DFB966E87FF} = {B4F97281-0DBD-4835-9ED8-7DFB966E87FF}
		{B4F97281-0DBD-4835-9ED8-7DFB966E87FF} = {B4F97281-0DBD-4835-9ED8-7DFB966E87FF}
		{B4F97281-0DBD-4835-9ED8-7DFB966E87FF} = {B4F97281-0DBD-4835-9ED8-7DFB966E87FF}
		{B4F97281-0DBD-4835-9ED8-7DFB966E87FF} = {B4F97281-0DBD-4835-9ED8-7DFB966E87FF}
		{B4F97281-0DBD-4835-9ED8-7DFB966E87FF} = {B4F97281-0DBD-4835-9ED8-7DFB966E87FF}
		{B4F97281-0DBD-4835-9ED8-7DFB966E87FF} = {B4F97281-0DBD-4835-9ED8-7DFB966E87FF}
		{B4F97281-0DBD-4835-9ED8-7DFB966E87FF} = {B4F97281-0DBD-4835-9ED8-7DFB966E87FF}
		{B4F97281-0DBD-4835-9ED8-7DFB966E87FF} = {B4F97281-0DBD-4835-9ED8-7DFB966E87FF}
		{B4F97281-0DBD-4835-9ED8-7DFB966E87FF} = {B4F97281-0DBD-4835-9ED8-7DFB966E87FF}
		{B4F97281-0DBD-4835-9ED8-7DFB966E87FF} = {B4F97281-0DBD-4835-9ED8-7DFB966E87FF}
		{B4F97281-0DBD-4835-9ED8-7DFB966E87FF} = {B4F97281-0DBD-4835-9ED8-7DFB966E87FF}
		{B4F97281-0DBD-4835-9ED8-7DFB966E87FF} = {B4F97281-0DBD-4835-9ED8-7DFB966E87FF}
		{B4F97281-0DBD-4835-9ED8-7DFB966E87FF} = {B4F97281-0DBD-4835-9ED8-7DFB966E87FF}
		{B4F97281-0DBD-4835-9ED8-7DFB966E87FF} = {B4F97281-0DBD-4835-9ED8-7DFB966E87FF}
		{B4F97281-0DBD-4835-9ED8-7DFB966E87FF} = {B4F97281-0DBD-4835-9ED8-7DFB966E87FF}
		{B4F97281-0DBD-4835-9ED8-7DFB966E87FF} = {B4F97281-0DBD-4835-9ED8-7DFB966E87FF}
		{B4F97281-0DBD-4835-9ED8-7DFB966E87FF} = {B4F97281-0DBD-4835-9ED8-7DFB966E87FF}
		{B4F97281-0DBD-4835-9ED8-7DFB966E87FF} = {B4F97281-0DBD-4835-9ED8-7DFB966E87FF}
		{B4F97281-0DBD-4835-9ED8-7DFB966E87FF} = {B4F97281-0DBD-4835-9ED8-7DFB966E87FF}
		{B4F97281-0DBD-4835-9ED8-7DFB966E87FF} = {B4F97281-0DBD-4835-9ED8-7DFB966E87FF}
	EndProjectSection
EndProject
Project("{FAE04EC0-301F-11D3-BF4B-00C04F79EFBC}") = "HttpModule.Authentication", "CS_Library\HttpModules\Authentication\HttpModule.Authentication.csproj", "{42E4A15C-198C-49CE-BCD8-9E5EB1168D00}"
	ProjectSection(WebsiteProperties) = preProject
		Debug.AspNetCompiler.Debug = "True"
		Release.AspNetCompiler.Debug = "False"
	EndProjectSection
EndProject
Project("{FAE04EC0-301F-11D3-BF4B-00C04F79EFBC}") = "Provider.Authentication.ADSI", "CS_Library\Providers\AuthenticationProviders\ADSIProvider\Provider.Authentication.ADSI.csproj", "{EB5D23A1-7E8C-43BA-BD20-F43398D60D26}"
	ProjectSection(WebsiteProperties) = preProject
		Debug.AspNetCompiler.Debug = "True"
		Release.AspNetCompiler.Debug = "False"
	EndProjectSection
EndProject
Project("{FAE04EC0-301F-11D3-BF4B-00C04F79EFBC}") = "Authentication.ADSI", "CS_Library\Components\ADSI\Authentication.ADSI.csproj", "{2F6470AF-AF81-4F6B-AA16-A87A700B18DB}"
	ProjectSection(WebsiteProperties) = preProject
		Debug.AspNetCompiler.Debug = "True"
		Release.AspNetCompiler.Debug = "False"
	EndProjectSection
EndProject
Project("{FAE04EC0-301F-11D3-BF4B-00C04F79EFBC}") = "Provider.Membership.AspNetProvider", "CS_Library\Providers\MembershipProviders\AspNetMembershipProvider\Provider.Membership.AspNetProvider.csproj", "{6A2C6160-2905-407B-9575-16210528F4C8}"
	ProjectSection(WebsiteProperties) = preProject
		Debug.AspNetCompiler.Debug = "True"
		Release.AspNetCompiler.Debug = "False"
	EndProjectSection
EndProject
Project("{FAE04EC0-301F-11D3-BF4B-00C04F79EFBC}") = "Provider.ASP2MenuNavigationProvider", "CS_Library\Providers\NavigationProviders\ASP2MenuNavigationProvider\Provider.ASP2MenuNavigationProvider.csproj", "{1012996F-79CF-4175-81D7-B3B131A81489}"
	ProjectSection(WebsiteProperties) = preProject
		Debug.AspNetCompiler.Debug = "True"
		Release.AspNetCompiler.Debug = "False"
	EndProjectSection
EndProject
Project("{FAE04EC0-301F-11D3-BF4B-00C04F79EFBC}") = "Provider.Membership.DNNProvider", "CS_Library\Providers\MembershipProviders\DNNMembershipProvider\Provider.Membership.DNNProvider.csproj", "{DE2B348A-1DAD-4630-9F55-788F8CCBAD02}"
	ProjectSection(WebsiteProperties) = preProject
		Debug.AspNetCompiler.Debug = "True"
		Release.AspNetCompiler.Debug = "False"
	EndProjectSection
EndProject
Project("{FAE04EC0-301F-11D3-BF4B-00C04F79EFBC}") = "Provider.Membership.DataProvider", "CS_Library\Providers\MembershipProviders\DataProvider\Provider.Membership.DataProvider.csproj", "{B15A45FA-02F8-4F09-A04B-13B7920CABCE}"
	ProjectSection(WebsiteProperties) = preProject
		Debug.AspNetCompiler.Debug = "True"
		Release.AspNetCompiler.Debug = "False"
	EndProjectSection
EndProject
Project("{FAE04EC0-301F-11D3-BF4B-00C04F79EFBC}") = "Provider.Membership.SqlDataProvider", "CS_Library\Providers\MembershipProviders\SqlDataProvider\Provider.Membership.SqlDataProvider.csproj", "{C2F70937-7E98-489C-8675-29E12790A471}"
	ProjectSection(WebsiteProperties) = preProject
		Debug.AspNetCompiler.Debug = "True"
		Release.AspNetCompiler.Debug = "False"
	EndProjectSection
EndProject
Project("{2CFEAB61-6A3B-4EB8-B523-560B4BEEF521}") = "CS_DotNetNuke", "CS_DotNetNuke\CS_DotNetNuke.wdproj", "{7EBE0B62-E96A-4EA9-99A2-C1BF30C2250E}"
	ProjectSection(WebsiteProperties) = preProject
		Debug.AspNetCompiler.Debug = "True"
		Release.AspNetCompiler.Debug = "False"
	EndProjectSection
EndProject
Global
	GlobalSection(TextTemplating) = postSolution
		TextTemplating = 1
	EndGlobalSection
	GlobalSection(SolutionConfigurationPlatforms) = preSolution
		Debug|.NET = Debug|.NET
		Debug|Any CPU = Debug|Any CPU
		Debug|Mixed Platforms = Debug|Mixed Platforms
		Release|.NET = Release|.NET
		Release|Any CPU = Release|Any CPU
		Release|Mixed Platforms = Release|Mixed Platforms
	EndGlobalSection
	GlobalSection(ProjectConfigurationPlatforms) = postSolution
		{D9A541D6-A0AA-4849-9146-3AA74B151C7C}.Debug|.NET.ActiveCfg = Debug|.NET
		{D9A541D6-A0AA-4849-9146-3AA74B151C7C}.Debug|.NET.Build.0 = Debug|.NET
		{D9A541D6-A0AA-4849-9146-3AA74B151C7C}.Debug|Any CPU.ActiveCfg = Debug|.NET
		{D9A541D6-A0AA-4849-9146-3AA74B151C7C}.Debug|Mixed Platforms.ActiveCfg = Debug|.NET
		{D9A541D6-A0AA-4849-9146-3AA74B151C7C}.Debug|Mixed Platforms.Build.0 = Debug|.NET
		{D9A541D6-A0AA-4849-9146-3AA74B151C7C}.Release|.NET.ActiveCfg = Debug|.NET
		{D9A541D6-A0AA-4849-9146-3AA74B151C7C}.Release|.NET.Build.0 = Debug|.NET
		{D9A541D6-A0AA-4849-9146-3AA74B151C7C}.Release|Any CPU.ActiveCfg = Debug|.NET
		{D9A541D6-A0AA-4849-9146-3AA74B151C7C}.Release|Mixed Platforms.ActiveCfg = Debug|.NET
		{D9A541D6-A0AA-4849-9146-3AA74B151C7C}.Release|Mixed Platforms.Build.0 = Debug|.NET
		{BD54C946-FE71-4E5F-B4B0-61BE98FCBF35}.Debug|.NET.ActiveCfg = Debug|Any CPU
		{BD54C946-FE71-4E5F-B4B0-61BE98FCBF35}.Debug|.NET.Build.0 = Debug|Any CPU
		{BD54C946-FE71-4E5F-B4B0-61BE98FCBF35}.Debug|Any CPU.ActiveCfg = Debug|Any CPU
		{BD54C946-FE71-4E5F-B4B0-61BE98FCBF35}.Debug|Any CPU.Build.0 = Debug|Any CPU
		{BD54C946-FE71-4E5F-B4B0-61BE98FCBF35}.Debug|Mixed Platforms.ActiveCfg = Debug|Any CPU
		{BD54C946-FE71-4E5F-B4B0-61BE98FCBF35}.Debug|Mixed Platforms.Build.0 = Debug|Any CPU
		{BD54C946-FE71-4E5F-B4B0-61BE98FCBF35}.Release|.NET.ActiveCfg = Release|Any CPU
		{BD54C946-FE71-4E5F-B4B0-61BE98FCBF35}.Release|.NET.Build.0 = Release|Any CPU
		{BD54C946-FE71-4E5F-B4B0-61BE98FCBF35}.Release|Any CPU.ActiveCfg = Release|Any CPU
		{BD54C946-FE71-4E5F-B4B0-61BE98FCBF35}.Release|Any CPU.Build.0 = Release|Any CPU
		{BD54C946-FE71-4E5F-B4B0-61BE98FCBF35}.Release|Mixed Platforms.ActiveCfg = Release|Any CPU
		{BD54C946-FE71-4E5F-B4B0-61BE98FCBF35}.Release|Mixed Platforms.Build.0 = Release|Any CPU
		{54F96926-802C-408E-A04B-F56859C0308C}.Debug|.NET.ActiveCfg = Debug|Any CPU
		{54F96926-802C-408E-A04B-F56859C0308C}.Debug|.NET.Build.0 = Debug|Any CPU
		{54F96926-802C-408E-A04B-F56859C0308C}.Debug|Any CPU.ActiveCfg = Debug|Any CPU
		{54F96926-802C-408E-A04B-F56859C0308C}.Debug|Any CPU.Build.0 = Debug|Any CPU
		{54F96926-802C-408E-A04B-F56859C0308C}.Debug|Mixed Platforms.ActiveCfg = Debug|Any CPU
		{54F96926-802C-408E-A04B-F56859C0308C}.Debug|Mixed Platforms.Build.0 = Debug|Any CPU
		{54F96926-802C-408E-A04B-F56859C0308C}.Release|.NET.ActiveCfg = Release|Any CPU
		{54F96926-802C-408E-A04B-F56859C0308C}.Release|.NET.Build.0 = Release|Any CPU
		{54F96926-802C-408E-A04B-F56859C0308C}.Release|Any CPU.ActiveCfg = Release|Any CPU
		{54F96926-802C-408E-A04B-F56859C0308C}.Release|Any CPU.Build.0 = Release|Any CPU
		{54F96926-802C-408E-A04B-F56859C0308C}.Release|Mixed Platforms.ActiveCfg = Release|Any CPU
		{54F96926-802C-408E-A04B-F56859C0308C}.Release|Mixed Platforms.Build.0 = Release|Any CPU
		{2C2FC1EF-C61F-448A-AD25-87391E1208F6}.Debug|.NET.ActiveCfg = Debug|Any CPU
		{2C2FC1EF-C61F-448A-AD25-87391E1208F6}.Debug|Any CPU.ActiveCfg = Debug|Any CPU
		{2C2FC1EF-C61F-448A-AD25-87391E1208F6}.Debug|Any CPU.Build.0 = Debug|Any CPU
		{2C2FC1EF-C61F-448A-AD25-87391E1208F6}.Debug|Mixed Platforms.ActiveCfg = Debug|Any CPU
		{2C2FC1EF-C61F-448A-AD25-87391E1208F6}.Debug|Mixed Platforms.Build.0 = Debug|Any CPU
		{2C2FC1EF-C61F-448A-AD25-87391E1208F6}.Release|.NET.ActiveCfg = Release|Any CPU
		{2C2FC1EF-C61F-448A-AD25-87391E1208F6}.Release|Any CPU.ActiveCfg = Release|Any CPU
		{2C2FC1EF-C61F-448A-AD25-87391E1208F6}.Release|Any CPU.Build.0 = Release|Any CPU
		{2C2FC1EF-C61F-448A-AD25-87391E1208F6}.Release|Mixed Platforms.ActiveCfg = Release|Any CPU
		{2C2FC1EF-C61F-448A-AD25-87391E1208F6}.Release|Mixed Platforms.Build.0 = Release|Any CPU
		{6F0A5B23-E09F-431A-879A-993CB77E23D8}.Debug|.NET.ActiveCfg = Debug|Any CPU
		{6F0A5B23-E09F-431A-879A-993CB77E23D8}.Debug|.NET.Build.0 = Debug|Any CPU
		{6F0A5B23-E09F-431A-879A-993CB77E23D8}.Debug|Any CPU.ActiveCfg = Debug|Any CPU
		{6F0A5B23-E09F-431A-879A-993CB77E23D8}.Debug|Any CPU.Build.0 = Debug|Any CPU
		{6F0A5B23-E09F-431A-879A-993CB77E23D8}.Debug|Mixed Platforms.ActiveCfg = Debug|Any CPU
		{6F0A5B23-E09F-431A-879A-993CB77E23D8}.Debug|Mixed Platforms.Build.0 = Debug|Any CPU
		{6F0A5B23-E09F-431A-879A-993CB77E23D8}.Release|.NET.ActiveCfg = Release|Any CPU
		{6F0A5B23-E09F-431A-879A-993CB77E23D8}.Release|.NET.Build.0 = Release|Any CPU
		{6F0A5B23-E09F-431A-879A-993CB77E23D8}.Release|Any CPU.ActiveCfg = Release|Any CPU
		{6F0A5B23-E09F-431A-879A-993CB77E23D8}.Release|Any CPU.Build.0 = Release|Any CPU
		{6F0A5B23-E09F-431A-879A-993CB77E23D8}.Release|Mixed Platforms.ActiveCfg = Release|Any CPU
		{6F0A5B23-E09F-431A-879A-993CB77E23D8}.Release|Mixed Platforms.Build.0 = Release|Any CPU
		{24AEAE9B-99C5-487C-9962-EFF88A3C6230}.Debug|.NET.ActiveCfg = Debug|Any CPU
		{24AEAE9B-99C5-487C-9962-EFF88A3C6230}.Debug|.NET.Build.0 = Debug|Any CPU
		{24AEAE9B-99C5-487C-9962-EFF88A3C6230}.Debug|Any CPU.ActiveCfg = Debug|Any CPU
		{24AEAE9B-99C5-487C-9962-EFF88A3C6230}.Debug|Any CPU.Build.0 = Debug|Any CPU
		{24AEAE9B-99C5-487C-9962-EFF88A3C6230}.Debug|Mixed Platforms.ActiveCfg = Debug|Any CPU
		{24AEAE9B-99C5-487C-9962-EFF88A3C6230}.Debug|Mixed Platforms.Build.0 = Debug|Any CPU
		{24AEAE9B-99C5-487C-9962-EFF88A3C6230}.Release|.NET.ActiveCfg = Release|Any CPU
		{24AEAE9B-99C5-487C-9962-EFF88A3C6230}.Release|.NET.Build.0 = Release|Any CPU
		{24AEAE9B-99C5-487C-9962-EFF88A3C6230}.Release|Any CPU.ActiveCfg = Release|Any CPU
		{24AEAE9B-99C5-487C-9962-EFF88A3C6230}.Release|Any CPU.Build.0 = Release|Any CPU
		{24AEAE9B-99C5-487C-9962-EFF88A3C6230}.Release|Mixed Platforms.ActiveCfg = Release|Any CPU
		{24AEAE9B-99C5-487C-9962-EFF88A3C6230}.Release|Mixed Platforms.Build.0 = Release|Any CPU
		{565221D8-79DC-483C-A92F-23E7A77F4197}.Debug|.NET.ActiveCfg = Debug|Any CPU
		{565221D8-79DC-483C-A92F-23E7A77F4197}.Debug|.NET.Build.0 = Debug|Any CPU
		{565221D8-79DC-483C-A92F-23E7A77F4197}.Debug|Any CPU.ActiveCfg = Debug|Any CPU
		{565221D8-79DC-483C-A92F-23E7A77F4197}.Debug|Any CPU.Build.0 = Debug|Any CPU
		{565221D8-79DC-483C-A92F-23E7A77F4197}.Debug|Mixed Platforms.ActiveCfg = Debug|Any CPU
		{565221D8-79DC-483C-A92F-23E7A77F4197}.Debug|Mixed Platforms.Build.0 = Debug|Any CPU
		{565221D8-79DC-483C-A92F-23E7A77F4197}.Release|.NET.ActiveCfg = Release|Any CPU
		{565221D8-79DC-483C-A92F-23E7A77F4197}.Release|.NET.Build.0 = Release|Any CPU
		{565221D8-79DC-483C-A92F-23E7A77F4197}.Release|Any CPU.ActiveCfg = Release|Any CPU
		{565221D8-79DC-483C-A92F-23E7A77F4197}.Release|Any CPU.Build.0 = Release|Any CPU
		{565221D8-79DC-483C-A92F-23E7A77F4197}.Release|Mixed Platforms.ActiveCfg = Release|Any CPU
		{565221D8-79DC-483C-A92F-23E7A77F4197}.Release|Mixed Platforms.Build.0 = Release|Any CPU
		{F336D16D-E512-42CC-876A-9E0118F87514}.Debug|.NET.ActiveCfg = Debug|Any CPU
		{F336D16D-E512-42CC-876A-9E0118F87514}.Debug|.NET.Build.0 = Debug|Any CPU
		{F336D16D-E512-42CC-876A-9E0118F87514}.Debug|Any CPU.ActiveCfg = Debug|Any CPU
		{F336D16D-E512-42CC-876A-9E0118F87514}.Debug|Any CPU.Build.0 = Debug|Any CPU
		{F336D16D-E512-42CC-876A-9E0118F87514}.Debug|Mixed Platforms.ActiveCfg = Debug|Any CPU
		{F336D16D-E512-42CC-876A-9E0118F87514}.Debug|Mixed Platforms.Build.0 = Debug|Any CPU
		{F336D16D-E512-42CC-876A-9E0118F87514}.Release|.NET.ActiveCfg = Release|Any CPU
		{F336D16D-E512-42CC-876A-9E0118F87514}.Release|.NET.Build.0 = Release|Any CPU
		{F336D16D-E512-42CC-876A-9E0118F87514}.Release|Any CPU.ActiveCfg = Release|Any CPU
		{F336D16D-E512-42CC-876A-9E0118F87514}.Release|Any CPU.Build.0 = Release|Any CPU
		{F336D16D-E512-42CC-876A-9E0118F87514}.Release|Mixed Platforms.ActiveCfg = Release|Any CPU
		{F336D16D-E512-42CC-876A-9E0118F87514}.Release|Mixed Platforms.Build.0 = Release|Any CPU
		{7B7C5C9A-23B0-492C-8E9B-EDA4DF6BA101}.Debug|.NET.ActiveCfg = Debug|Any CPU
		{7B7C5C9A-23B0-492C-8E9B-EDA4DF6BA101}.Debug|.NET.Build.0 = Debug|Any CPU
		{7B7C5C9A-23B0-492C-8E9B-EDA4DF6BA101}.Debug|Any CPU.ActiveCfg = Debug|Any CPU
		{7B7C5C9A-23B0-492C-8E9B-EDA4DF6BA101}.Debug|Any CPU.Build.0 = Debug|Any CPU
		{7B7C5C9A-23B0-492C-8E9B-EDA4DF6BA101}.Debug|Mixed Platforms.ActiveCfg = Debug|Any CPU
		{7B7C5C9A-23B0-492C-8E9B-EDA4DF6BA101}.Debug|Mixed Platforms.Build.0 = Debug|Any CPU
		{7B7C5C9A-23B0-492C-8E9B-EDA4DF6BA101}.Release|.NET.ActiveCfg = Release|Any CPU
		{7B7C5C9A-23B0-492C-8E9B-EDA4DF6BA101}.Release|.NET.Build.0 = Release|Any CPU
		{7B7C5C9A-23B0-492C-8E9B-EDA4DF6BA101}.Release|Any CPU.ActiveCfg = Release|Any CPU
		{7B7C5C9A-23B0-492C-8E9B-EDA4DF6BA101}.Release|Any CPU.Build.0 = Release|Any CPU
		{7B7C5C9A-23B0-492C-8E9B-EDA4DF6BA101}.Release|Mixed Platforms.ActiveCfg = Release|Any CPU
		{7B7C5C9A-23B0-492C-8E9B-EDA4DF6BA101}.Release|Mixed Platforms.Build.0 = Release|Any CPU
		{282FB137-A43A-42B8-AC9E-B8B39CC2B636}.Debug|.NET.ActiveCfg = Debug|Any CPU
		{282FB137-A43A-42B8-AC9E-B8B39CC2B636}.Debug|.NET.Build.0 = Debug|Any CPU
		{282FB137-A43A-42B8-AC9E-B8B39CC2B636}.Debug|Any CPU.ActiveCfg = Debug|Any CPU
		{282FB137-A43A-42B8-AC9E-B8B39CC2B636}.Debug|Any CPU.Build.0 = Debug|Any CPU
		{282FB137-A43A-42B8-AC9E-B8B39CC2B636}.Debug|Mixed Platforms.ActiveCfg = Debug|Any CPU
		{282FB137-A43A-42B8-AC9E-B8B39CC2B636}.Debug|Mixed Platforms.Build.0 = Debug|Any CPU
		{282FB137-A43A-42B8-AC9E-B8B39CC2B636}.Release|.NET.ActiveCfg = Release|Any CPU
		{282FB137-A43A-42B8-AC9E-B8B39CC2B636}.Release|.NET.Build.0 = Release|Any CPU
		{282FB137-A43A-42B8-AC9E-B8B39CC2B636}.Release|Any CPU.ActiveCfg = Release|Any CPU
		{282FB137-A43A-42B8-AC9E-B8B39CC2B636}.Release|Any CPU.Build.0 = Release|Any CPU
		{282FB137-A43A-42B8-AC9E-B8B39CC2B636}.Release|Mixed Platforms.ActiveCfg = Release|Any CPU
		{282FB137-A43A-42B8-AC9E-B8B39CC2B636}.Release|Mixed Platforms.Build.0 = Release|Any CPU
		{E50121FB-510D-415B-81AC-4CE768070EF1}.Debug|.NET.ActiveCfg = Debug|Any CPU
		{E50121FB-510D-415B-81AC-4CE768070EF1}.Debug|.NET.Build.0 = Debug|Any CPU
		{E50121FB-510D-415B-81AC-4CE768070EF1}.Debug|Any CPU.ActiveCfg = Debug|Any CPU
		{E50121FB-510D-415B-81AC-4CE768070EF1}.Debug|Any CPU.Build.0 = Debug|Any CPU
		{E50121FB-510D-415B-81AC-4CE768070EF1}.Debug|Mixed Platforms.ActiveCfg = Debug|Any CPU
		{E50121FB-510D-415B-81AC-4CE768070EF1}.Debug|Mixed Platforms.Build.0 = Debug|Any CPU
		{E50121FB-510D-415B-81AC-4CE768070EF1}.Release|.NET.ActiveCfg = Release|Any CPU
		{E50121FB-510D-415B-81AC-4CE768070EF1}.Release|.NET.Build.0 = Release|Any CPU
		{E50121FB-510D-415B-81AC-4CE768070EF1}.Release|Any CPU.ActiveCfg = Release|Any CPU
		{E50121FB-510D-415B-81AC-4CE768070EF1}.Release|Any CPU.Build.0 = Release|Any CPU
		{E50121FB-510D-415B-81AC-4CE768070EF1}.Release|Mixed Platforms.ActiveCfg = Release|Any CPU
		{E50121FB-510D-415B-81AC-4CE768070EF1}.Release|Mixed Platforms.Build.0 = Release|Any CPU
		{D206D80A-DE26-4441-A8CD-0C70D2EB0C38}.Debug|.NET.ActiveCfg = Debug|Any CPU
		{D206D80A-DE26-4441-A8CD-0C70D2EB0C38}.Debug|.NET.Build.0 = Debug|Any CPU
		{D206D80A-DE26-4441-A8CD-0C70D2EB0C38}.Debug|Any CPU.ActiveCfg = Debug|Any CPU
		{D206D80A-DE26-4441-A8CD-0C70D2EB0C38}.Debug|Any CPU.Build.0 = Debug|Any CPU
		{D206D80A-DE26-4441-A8CD-0C70D2EB0C38}.Debug|Mixed Platforms.ActiveCfg = Debug|Any CPU
		{D206D80A-DE26-4441-A8CD-0C70D2EB0C38}.Debug|Mixed Platforms.Build.0 = Debug|Any CPU
		{D206D80A-DE26-4441-A8CD-0C70D2EB0C38}.Release|.NET.ActiveCfg = Release|Any CPU
		{D206D80A-DE26-4441-A8CD-0C70D2EB0C38}.Release|.NET.Build.0 = Release|Any CPU
		{D206D80A-DE26-4441-A8CD-0C70D2EB0C38}.Release|Any CPU.ActiveCfg = Release|Any CPU
		{D206D80A-DE26-4441-A8CD-0C70D2EB0C38}.Release|Any CPU.Build.0 = Release|Any CPU
		{D206D80A-DE26-4441-A8CD-0C70D2EB0C38}.Release|Mixed Platforms.ActiveCfg = Release|Any CPU
		{D206D80A-DE26-4441-A8CD-0C70D2EB0C38}.Release|Mixed Platforms.Build.0 = Release|Any CPU
		{F8623BD1-92F0-40D8-A32C-364D26B228FE}.Debug|.NET.ActiveCfg = Debug|Any CPU
		{F8623BD1-92F0-40D8-A32C-364D26B228FE}.Debug|.NET.Build.0 = Debug|Any CPU
		{F8623BD1-92F0-40D8-A32C-364D26B228FE}.Debug|Any CPU.ActiveCfg = Debug|Any CPU
		{F8623BD1-92F0-40D8-A32C-364D26B228FE}.Debug|Any CPU.Build.0 = Debug|Any CPU
		{F8623BD1-92F0-40D8-A32C-364D26B228FE}.Debug|Mixed Platforms.ActiveCfg = Debug|Any CPU
		{F8623BD1-92F0-40D8-A32C-364D26B228FE}.Debug|Mixed Platforms.Build.0 = Debug|Any CPU
		{F8623BD1-92F0-40D8-A32C-364D26B228FE}.Release|.NET.ActiveCfg = Release|Any CPU
		{F8623BD1-92F0-40D8-A32C-364D26B228FE}.Release|.NET.Build.0 = Release|Any CPU
		{F8623BD1-92F0-40D8-A32C-364D26B228FE}.Release|Any CPU.ActiveCfg = Release|Any CPU
		{F8623BD1-92F0-40D8-A32C-364D26B228FE}.Release|Any CPU.Build.0 = Release|Any CPU
		{F8623BD1-92F0-40D8-A32C-364D26B228FE}.Release|Mixed Platforms.ActiveCfg = Release|Any CPU
		{F8623BD1-92F0-40D8-A32C-364D26B228FE}.Release|Mixed Platforms.Build.0 = Release|Any CPU
		{0D7E8101-E36A-4904-AD9F-567D5F396A02}.Debug|.NET.ActiveCfg = Debug|Any CPU
		{0D7E8101-E36A-4904-AD9F-567D5F396A02}.Debug|.NET.Build.0 = Debug|Any CPU
		{0D7E8101-E36A-4904-AD9F-567D5F396A02}.Debug|Any CPU.ActiveCfg = Debug|Any CPU
		{0D7E8101-E36A-4904-AD9F-567D5F396A02}.Debug|Any CPU.Build.0 = Debug|Any CPU
		{0D7E8101-E36A-4904-AD9F-567D5F396A02}.Debug|Mixed Platforms.ActiveCfg = Debug|Any CPU
		{0D7E8101-E36A-4904-AD9F-567D5F396A02}.Debug|Mixed Platforms.Build.0 = Debug|Any CPU
		{0D7E8101-E36A-4904-AD9F-567D5F396A02}.Release|.NET.ActiveCfg = Release|Any CPU
		{0D7E8101-E36A-4904-AD9F-567D5F396A02}.Release|.NET.Build.0 = Release|Any CPU
		{0D7E8101-E36A-4904-AD9F-567D5F396A02}.Release|Any CPU.ActiveCfg = Release|Any CPU
		{0D7E8101-E36A-4904-AD9F-567D5F396A02}.Release|Any CPU.Build.0 = Release|Any CPU
		{0D7E8101-E36A-4904-AD9F-567D5F396A02}.Release|Mixed Platforms.ActiveCfg = Release|Any CPU
		{0D7E8101-E36A-4904-AD9F-567D5F396A02}.Release|Mixed Platforms.Build.0 = Release|Any CPU
		{A566C3FB-176F-4EF7-A2EB-CB22F2741082}.Debug|.NET.ActiveCfg = Debug|Any CPU
		{A566C3FB-176F-4EF7-A2EB-CB22F2741082}.Debug|.NET.Build.0 = Debug|Any CPU
		{A566C3FB-176F-4EF7-A2EB-CB22F2741082}.Debug|Any CPU.ActiveCfg = Debug|Any CPU
		{A566C3FB-176F-4EF7-A2EB-CB22F2741082}.Debug|Any CPU.Build.0 = Debug|Any CPU
		{A566C3FB-176F-4EF7-A2EB-CB22F2741082}.Debug|Mixed Platforms.ActiveCfg = Debug|Any CPU
		{A566C3FB-176F-4EF7-A2EB-CB22F2741082}.Debug|Mixed Platforms.Build.0 = Debug|Any CPU
		{A566C3FB-176F-4EF7-A2EB-CB22F2741082}.Release|.NET.ActiveCfg = Release|Any CPU
		{A566C3FB-176F-4EF7-A2EB-CB22F2741082}.Release|.NET.Build.0 = Release|Any CPU
		{A566C3FB-176F-4EF7-A2EB-CB22F2741082}.Release|Any CPU.ActiveCfg = Release|Any CPU
		{A566C3FB-176F-4EF7-A2EB-CB22F2741082}.Release|Any CPU.Build.0 = Release|Any CPU
		{A566C3FB-176F-4EF7-A2EB-CB22F2741082}.Release|Mixed Platforms.ActiveCfg = Release|Any CPU
		{A566C3FB-176F-4EF7-A2EB-CB22F2741082}.Release|Mixed Platforms.Build.0 = Release|Any CPU
		{7A901229-482F-41AE-B43E-1B2B77560822}.Debug|.NET.ActiveCfg = Debug|Any CPU
		{7A901229-482F-41AE-B43E-1B2B77560822}.Debug|.NET.Build.0 = Debug|Any CPU
		{7A901229-482F-41AE-B43E-1B2B77560822}.Debug|Any CPU.ActiveCfg = Debug|Any CPU
		{7A901229-482F-41AE-B43E-1B2B77560822}.Debug|Any CPU.Build.0 = Debug|Any CPU
		{7A901229-482F-41AE-B43E-1B2B77560822}.Debug|Mixed Platforms.ActiveCfg = Debug|Any CPU
		{7A901229-482F-41AE-B43E-1B2B77560822}.Debug|Mixed Platforms.Build.0 = Debug|Any CPU
		{7A901229-482F-41AE-B43E-1B2B77560822}.Release|.NET.ActiveCfg = Release|Any CPU
		{7A901229-482F-41AE-B43E-1B2B77560822}.Release|.NET.Build.0 = Release|Any CPU
		{7A901229-482F-41AE-B43E-1B2B77560822}.Release|Any CPU.ActiveCfg = Release|Any CPU
		{7A901229-482F-41AE-B43E-1B2B77560822}.Release|Any CPU.Build.0 = Release|Any CPU
		{7A901229-482F-41AE-B43E-1B2B77560822}.Release|Mixed Platforms.ActiveCfg = Release|Any CPU
		{7A901229-482F-41AE-B43E-1B2B77560822}.Release|Mixed Platforms.Build.0 = Release|Any CPU
		{4EB18E71-DB16-4E61-9493-7DB3EBDF3D2B}.Debug|.NET.ActiveCfg = Debug|Any CPU
		{4EB18E71-DB16-4E61-9493-7DB3EBDF3D2B}.Debug|.NET.Build.0 = Debug|Any CPU
		{4EB18E71-DB16-4E61-9493-7DB3EBDF3D2B}.Debug|Any CPU.ActiveCfg = Debug|Any CPU
		{4EB18E71-DB16-4E61-9493-7DB3EBDF3D2B}.Debug|Any CPU.Build.0 = Debug|Any CPU
		{4EB18E71-DB16-4E61-9493-7DB3EBDF3D2B}.Debug|Mixed Platforms.ActiveCfg = Debug|Any CPU
		{4EB18E71-DB16-4E61-9493-7DB3EBDF3D2B}.Debug|Mixed Platforms.Build.0 = Debug|Any CPU
		{4EB18E71-DB16-4E61-9493-7DB3EBDF3D2B}.Release|.NET.ActiveCfg = Release|Any CPU
		{4EB18E71-DB16-4E61-9493-7DB3EBDF3D2B}.Release|.NET.Build.0 = Release|Any CPU
		{4EB18E71-DB16-4E61-9493-7DB3EBDF3D2B}.Release|Any CPU.ActiveCfg = Release|Any CPU
		{4EB18E71-DB16-4E61-9493-7DB3EBDF3D2B}.Release|Any CPU.Build.0 = Release|Any CPU
		{4EB18E71-DB16-4E61-9493-7DB3EBDF3D2B}.Release|Mixed Platforms.ActiveCfg = Release|Any CPU
		{4EB18E71-DB16-4E61-9493-7DB3EBDF3D2B}.Release|Mixed Platforms.Build.0 = Release|Any CPU
		{982CB668-91F8-43BB-AC80-D4E178E6D2B4}.Debug|.NET.ActiveCfg = Debug|Any CPU
		{982CB668-91F8-43BB-AC80-D4E178E6D2B4}.Debug|.NET.Build.0 = Debug|Any CPU
		{982CB668-91F8-43BB-AC80-D4E178E6D2B4}.Debug|Any CPU.ActiveCfg = Debug|Any CPU
		{982CB668-91F8-43BB-AC80-D4E178E6D2B4}.Debug|Any CPU.Build.0 = Debug|Any CPU
		{982CB668-91F8-43BB-AC80-D4E178E6D2B4}.Debug|Mixed Platforms.ActiveCfg = Debug|Any CPU
		{982CB668-91F8-43BB-AC80-D4E178E6D2B4}.Debug|Mixed Platforms.Build.0 = Debug|Any CPU
		{982CB668-91F8-43BB-AC80-D4E178E6D2B4}.Release|.NET.ActiveCfg = Release|Any CPU
		{982CB668-91F8-43BB-AC80-D4E178E6D2B4}.Release|.NET.Build.0 = Release|Any CPU
		{982CB668-91F8-43BB-AC80-D4E178E6D2B4}.Release|Any CPU.ActiveCfg = Release|Any CPU
		{982CB668-91F8-43BB-AC80-D4E178E6D2B4}.Release|Any CPU.Build.0 = Release|Any CPU
		{982CB668-91F8-43BB-AC80-D4E178E6D2B4}.Release|Mixed Platforms.ActiveCfg = Release|Any CPU
		{982CB668-91F8-43BB-AC80-D4E178E6D2B4}.Release|Mixed Platforms.Build.0 = Release|Any CPU
		{78BC5861-5023-4370-A30A-EC7629E93ED1}.Debug|.NET.ActiveCfg = Debug|Any CPU
		{78BC5861-5023-4370-A30A-EC7629E93ED1}.Debug|.NET.Build.0 = Debug|Any CPU
		{78BC5861-5023-4370-A30A-EC7629E93ED1}.Debug|Any CPU.ActiveCfg = Debug|Any CPU
		{78BC5861-5023-4370-A30A-EC7629E93ED1}.Debug|Any CPU.Build.0 = Debug|Any CPU
		{78BC5861-5023-4370-A30A-EC7629E93ED1}.Debug|Mixed Platforms.ActiveCfg = Debug|Any CPU
		{78BC5861-5023-4370-A30A-EC7629E93ED1}.Debug|Mixed Platforms.Build.0 = Debug|Any CPU
		{78BC5861-5023-4370-A30A-EC7629E93ED1}.Release|.NET.ActiveCfg = Release|Any CPU
		{78BC5861-5023-4370-A30A-EC7629E93ED1}.Release|.NET.Build.0 = Release|Any CPU
		{78BC5861-5023-4370-A30A-EC7629E93ED1}.Release|Any CPU.ActiveCfg = Release|Any CPU
		{78BC5861-5023-4370-A30A-EC7629E93ED1}.Release|Any CPU.Build.0 = Release|Any CPU
		{78BC5861-5023-4370-A30A-EC7629E93ED1}.Release|Mixed Platforms.ActiveCfg = Release|Any CPU
		{78BC5861-5023-4370-A30A-EC7629E93ED1}.Release|Mixed Platforms.Build.0 = Release|Any CPU
		{4F30AA90-BE74-4354-B3E1-DE0004F5E395}.Debug|.NET.ActiveCfg = Debug|Any CPU
		{4F30AA90-BE74-4354-B3E1-DE0004F5E395}.Debug|.NET.Build.0 = Debug|Any CPU
		{4F30AA90-BE74-4354-B3E1-DE0004F5E395}.Debug|Any CPU.ActiveCfg = Debug|Any CPU
		{4F30AA90-BE74-4354-B3E1-DE0004F5E395}.Debug|Any CPU.Build.0 = Debug|Any CPU
		{4F30AA90-BE74-4354-B3E1-DE0004F5E395}.Debug|Mixed Platforms.ActiveCfg = Debug|Any CPU
		{4F30AA90-BE74-4354-B3E1-DE0004F5E395}.Debug|Mixed Platforms.Build.0 = Debug|Any CPU
		{4F30AA90-BE74-4354-B3E1-DE0004F5E395}.Release|.NET.ActiveCfg = Release|Any CPU
		{4F30AA90-BE74-4354-B3E1-DE0004F5E395}.Release|.NET.Build.0 = Release|Any CPU
		{4F30AA90-BE74-4354-B3E1-DE0004F5E395}.Release|Any CPU.ActiveCfg = Release|Any CPU
		{4F30AA90-BE74-4354-B3E1-DE0004F5E395}.Release|Any CPU.Build.0 = Release|Any CPU
		{4F30AA90-BE74-4354-B3E1-DE0004F5E395}.Release|Mixed Platforms.ActiveCfg = Release|Any CPU
		{4F30AA90-BE74-4354-B3E1-DE0004F5E395}.Release|Mixed Platforms.Build.0 = Release|Any CPU
		{1A19AB44-33A4-4222-A420-7B213E91C647}.Debug|.NET.ActiveCfg = Debug|Any CPU
		{1A19AB44-33A4-4222-A420-7B213E91C647}.Debug|.NET.Build.0 = Debug|Any CPU
		{1A19AB44-33A4-4222-A420-7B213E91C647}.Debug|Any CPU.ActiveCfg = Debug|Any CPU
		{1A19AB44-33A4-4222-A420-7B213E91C647}.Debug|Any CPU.Build.0 = Debug|Any CPU
		{1A19AB44-33A4-4222-A420-7B213E91C647}.Debug|Mixed Platforms.ActiveCfg = Debug|Any CPU
		{1A19AB44-33A4-4222-A420-7B213E91C647}.Debug|Mixed Platforms.Build.0 = Debug|Any CPU
		{1A19AB44-33A4-4222-A420-7B213E91C647}.Release|.NET.ActiveCfg = Release|Any CPU
		{1A19AB44-33A4-4222-A420-7B213E91C647}.Release|.NET.Build.0 = Release|Any CPU
		{1A19AB44-33A4-4222-A420-7B213E91C647}.Release|Any CPU.ActiveCfg = Release|Any CPU
		{1A19AB44-33A4-4222-A420-7B213E91C647}.Release|Any CPU.Build.0 = Release|Any CPU
		{1A19AB44-33A4-4222-A420-7B213E91C647}.Release|Mixed Platforms.ActiveCfg = Release|Any CPU
		{1A19AB44-33A4-4222-A420-7B213E91C647}.Release|Mixed Platforms.Build.0 = Release|Any CPU
		{6F610B3E-218D-4209-8028-E8978A76CFB9}.Debug|.NET.ActiveCfg = Debug|Any CPU
		{6F610B3E-218D-4209-8028-E8978A76CFB9}.Debug|.NET.Build.0 = Debug|Any CPU
		{6F610B3E-218D-4209-8028-E8978A76CFB9}.Debug|Any CPU.ActiveCfg = Debug|Any CPU
		{6F610B3E-218D-4209-8028-E8978A76CFB9}.Debug|Any CPU.Build.0 = Debug|Any CPU
		{6F610B3E-218D-4209-8028-E8978A76CFB9}.Debug|Mixed Platforms.ActiveCfg = Debug|Any CPU
		{6F610B3E-218D-4209-8028-E8978A76CFB9}.Debug|Mixed Platforms.Build.0 = Debug|Any CPU
		{6F610B3E-218D-4209-8028-E8978A76CFB9}.Release|.NET.ActiveCfg = Release|Any CPU
		{6F610B3E-218D-4209-8028-E8978A76CFB9}.Release|.NET.Build.0 = Release|Any CPU
		{6F610B3E-218D-4209-8028-E8978A76CFB9}.Release|Any CPU.ActiveCfg = Release|Any CPU
		{6F610B3E-218D-4209-8028-E8978A76CFB9}.Release|Any CPU.Build.0 = Release|Any CPU
		{6F610B3E-218D-4209-8028-E8978A76CFB9}.Release|Mixed Platforms.ActiveCfg = Release|Any CPU
		{6F610B3E-218D-4209-8028-E8978A76CFB9}.Release|Mixed Platforms.Build.0 = Release|Any CPU
		{31B8EEE0-1302-44AB-ABBF-6BF2F1D6EC60}.Debug|.NET.ActiveCfg = Debug|Any CPU
		{31B8EEE0-1302-44AB-ABBF-6BF2F1D6EC60}.Debug|.NET.Build.0 = Debug|Any CPU
		{31B8EEE0-1302-44AB-ABBF-6BF2F1D6EC60}.Debug|Any CPU.ActiveCfg = Debug|Any CPU
		{31B8EEE0-1302-44AB-ABBF-6BF2F1D6EC60}.Debug|Any CPU.Build.0 = Debug|Any CPU
		{31B8EEE0-1302-44AB-ABBF-6BF2F1D6EC60}.Debug|Mixed Platforms.ActiveCfg = Debug|Any CPU
		{31B8EEE0-1302-44AB-ABBF-6BF2F1D6EC60}.Debug|Mixed Platforms.Build.0 = Debug|Any CPU
		{31B8EEE0-1302-44AB-ABBF-6BF2F1D6EC60}.Release|.NET.ActiveCfg = Release|Any CPU
		{31B8EEE0-1302-44AB-ABBF-6BF2F1D6EC60}.Release|.NET.Build.0 = Release|Any CPU
		{31B8EEE0-1302-44AB-ABBF-6BF2F1D6EC60}.Release|Any CPU.ActiveCfg = Release|Any CPU
		{31B8EEE0-1302-44AB-ABBF-6BF2F1D6EC60}.Release|Any CPU.Build.0 = Release|Any CPU
		{31B8EEE0-1302-44AB-ABBF-6BF2F1D6EC60}.Release|Mixed Platforms.ActiveCfg = Release|Any CPU
		{31B8EEE0-1302-44AB-ABBF-6BF2F1D6EC60}.Release|Mixed Platforms.Build.0 = Release|Any CPU
		{FD8FCDFF-64FC-4EAE-BECC-A9546E1DCB44}.Debug|.NET.ActiveCfg = Debug|Any CPU
		{FD8FCDFF-64FC-4EAE-BECC-A9546E1DCB44}.Debug|.NET.Build.0 = Debug|Any CPU
		{FD8FCDFF-64FC-4EAE-BECC-A9546E1DCB44}.Debug|Any CPU.ActiveCfg = Debug|Any CPU
		{FD8FCDFF-64FC-4EAE-BECC-A9546E1DCB44}.Debug|Any CPU.Build.0 = Debug|Any CPU
		{FD8FCDFF-64FC-4EAE-BECC-A9546E1DCB44}.Debug|Mixed Platforms.ActiveCfg = Debug|Any CPU
		{FD8FCDFF-64FC-4EAE-BECC-A9546E1DCB44}.Debug|Mixed Platforms.Build.0 = Debug|Any CPU
		{FD8FCDFF-64FC-4EAE-BECC-A9546E1DCB44}.Release|.NET.ActiveCfg = Release|Any CPU
		{FD8FCDFF-64FC-4EAE-BECC-A9546E1DCB44}.Release|.NET.Build.0 = Release|Any CPU
		{FD8FCDFF-64FC-4EAE-BECC-A9546E1DCB44}.Release|Any CPU.ActiveCfg = Release|Any CPU
		{FD8FCDFF-64FC-4EAE-BECC-A9546E1DCB44}.Release|Any CPU.Build.0 = Release|Any CPU
		{FD8FCDFF-64FC-4EAE-BECC-A9546E1DCB44}.Release|Mixed Platforms.ActiveCfg = Release|Any CPU
		{FD8FCDFF-64FC-4EAE-BECC-A9546E1DCB44}.Release|Mixed Platforms.Build.0 = Release|Any CPU
		{A45415E3-625B-4C90-9345-8E8C7DD9D28D}.Debug|.NET.ActiveCfg = Debug|Any CPU
		{A45415E3-625B-4C90-9345-8E8C7DD9D28D}.Debug|.NET.Build.0 = Debug|Any CPU
		{A45415E3-625B-4C90-9345-8E8C7DD9D28D}.Debug|Any CPU.ActiveCfg = Debug|Any CPU
		{A45415E3-625B-4C90-9345-8E8C7DD9D28D}.Debug|Any CPU.Build.0 = Debug|Any CPU
		{A45415E3-625B-4C90-9345-8E8C7DD9D28D}.Debug|Mixed Platforms.ActiveCfg = Debug|Any CPU
		{A45415E3-625B-4C90-9345-8E8C7DD9D28D}.Debug|Mixed Platforms.Build.0 = Debug|Any CPU
		{A45415E3-625B-4C90-9345-8E8C7DD9D28D}.Release|.NET.ActiveCfg = Release|Any CPU
		{A45415E3-625B-4C90-9345-8E8C7DD9D28D}.Release|.NET.Build.0 = Release|Any CPU
		{A45415E3-625B-4C90-9345-8E8C7DD9D28D}.Release|Any CPU.ActiveCfg = Release|Any CPU
		{A45415E3-625B-4C90-9345-8E8C7DD9D28D}.Release|Any CPU.Build.0 = Release|Any CPU
		{A45415E3-625B-4C90-9345-8E8C7DD9D28D}.Release|Mixed Platforms.ActiveCfg = Release|Any CPU
		{A45415E3-625B-4C90-9345-8E8C7DD9D28D}.Release|Mixed Platforms.Build.0 = Release|Any CPU
		{89093FD0-076F-48CD-9232-B665226CDBF0}.Debug|.NET.ActiveCfg = Debug|Any CPU
		{89093FD0-076F-48CD-9232-B665226CDBF0}.Debug|.NET.Build.0 = Debug|Any CPU
		{89093FD0-076F-48CD-9232-B665226CDBF0}.Debug|Any CPU.ActiveCfg = Debug|Any CPU
		{89093FD0-076F-48CD-9232-B665226CDBF0}.Debug|Any CPU.Build.0 = Debug|Any CPU
		{89093FD0-076F-48CD-9232-B665226CDBF0}.Debug|Mixed Platforms.ActiveCfg = Debug|Any CPU
		{89093FD0-076F-48CD-9232-B665226CDBF0}.Debug|Mixed Platforms.Build.0 = Debug|Any CPU
		{89093FD0-076F-48CD-9232-B665226CDBF0}.Release|.NET.ActiveCfg = Release|Any CPU
		{89093FD0-076F-48CD-9232-B665226CDBF0}.Release|.NET.Build.0 = Release|Any CPU
		{89093FD0-076F-48CD-9232-B665226CDBF0}.Release|Any CPU.ActiveCfg = Release|Any CPU
		{89093FD0-076F-48CD-9232-B665226CDBF0}.Release|Any CPU.Build.0 = Release|Any CPU
		{89093FD0-076F-48CD-9232-B665226CDBF0}.Release|Mixed Platforms.ActiveCfg = Release|Any CPU
		{89093FD0-076F-48CD-9232-B665226CDBF0}.Release|Mixed Platforms.Build.0 = Release|Any CPU
		{42E4A15C-198C-49CE-BCD8-9E5EB1168D00}.Debug|.NET.ActiveCfg = Debug|Any CPU
		{42E4A15C-198C-49CE-BCD8-9E5EB1168D00}.Debug|.NET.Build.0 = Debug|Any CPU
		{42E4A15C-198C-49CE-BCD8-9E5EB1168D00}.Debug|Any CPU.ActiveCfg = Debug|Any CPU
		{42E4A15C-198C-49CE-BCD8-9E5EB1168D00}.Debug|Any CPU.Build.0 = Debug|Any CPU
		{42E4A15C-198C-49CE-BCD8-9E5EB1168D00}.Debug|Mixed Platforms.ActiveCfg = Debug|Any CPU
		{42E4A15C-198C-49CE-BCD8-9E5EB1168D00}.Debug|Mixed Platforms.Build.0 = Debug|Any CPU
		{42E4A15C-198C-49CE-BCD8-9E5EB1168D00}.Release|.NET.ActiveCfg = Release|Any CPU
		{42E4A15C-198C-49CE-BCD8-9E5EB1168D00}.Release|.NET.Build.0 = Release|Any CPU
		{42E4A15C-198C-49CE-BCD8-9E5EB1168D00}.Release|Any CPU.ActiveCfg = Release|Any CPU
		{42E4A15C-198C-49CE-BCD8-9E5EB1168D00}.Release|Any CPU.Build.0 = Release|Any CPU
		{42E4A15C-198C-49CE-BCD8-9E5EB1168D00}.Release|Mixed Platforms.ActiveCfg = Release|Any CPU
		{42E4A15C-198C-49CE-BCD8-9E5EB1168D00}.Release|Mixed Platforms.Build.0 = Release|Any CPU
		{EB5D23A1-7E8C-43BA-BD20-F43398D60D26}.Debug|.NET.ActiveCfg = Debug|Any CPU
		{EB5D23A1-7E8C-43BA-BD20-F43398D60D26}.Debug|.NET.Build.0 = Debug|Any CPU
		{EB5D23A1-7E8C-43BA-BD20-F43398D60D26}.Debug|Any CPU.ActiveCfg = Debug|Any CPU
		{EB5D23A1-7E8C-43BA-BD20-F43398D60D26}.Debug|Any CPU.Build.0 = Debug|Any CPU
		{EB5D23A1-7E8C-43BA-BD20-F43398D60D26}.Debug|Mixed Platforms.ActiveCfg = Debug|Any CPU
		{EB5D23A1-7E8C-43BA-BD20-F43398D60D26}.Debug|Mixed Platforms.Build.0 = Debug|Any CPU
		{EB5D23A1-7E8C-43BA-BD20-F43398D60D26}.Release|.NET.ActiveCfg = Release|Any CPU
		{EB5D23A1-7E8C-43BA-BD20-F43398D60D26}.Release|.NET.Build.0 = Release|Any CPU
		{EB5D23A1-7E8C-43BA-BD20-F43398D60D26}.Release|Any CPU.ActiveCfg = Release|Any CPU
		{EB5D23A1-7E8C-43BA-BD20-F43398D60D26}.Release|Any CPU.Build.0 = Release|Any CPU
		{EB5D23A1-7E8C-43BA-BD20-F43398D60D26}.Release|Mixed Platforms.ActiveCfg = Release|Any CPU
		{EB5D23A1-7E8C-43BA-BD20-F43398D60D26}.Release|Mixed Platforms.Build.0 = Release|Any CPU
		{2F6470AF-AF81-4F6B-AA16-A87A700B18DB}.Debug|.NET.ActiveCfg = Debug|Any CPU
		{2F6470AF-AF81-4F6B-AA16-A87A700B18DB}.Debug|.NET.Build.0 = Debug|Any CPU
		{2F6470AF-AF81-4F6B-AA16-A87A700B18DB}.Debug|Any CPU.ActiveCfg = Debug|Any CPU
		{2F6470AF-AF81-4F6B-AA16-A87A700B18DB}.Debug|Any CPU.Build.0 = Debug|Any CPU
		{2F6470AF-AF81-4F6B-AA16-A87A700B18DB}.Debug|Mixed Platforms.ActiveCfg = Debug|Any CPU
		{2F6470AF-AF81-4F6B-AA16-A87A700B18DB}.Debug|Mixed Platforms.Build.0 = Debug|Any CPU
		{2F6470AF-AF81-4F6B-AA16-A87A700B18DB}.Release|.NET.ActiveCfg = Release|Any CPU
		{2F6470AF-AF81-4F6B-AA16-A87A700B18DB}.Release|.NET.Build.0 = Release|Any CPU
		{2F6470AF-AF81-4F6B-AA16-A87A700B18DB}.Release|Any CPU.ActiveCfg = Release|Any CPU
		{2F6470AF-AF81-4F6B-AA16-A87A700B18DB}.Release|Any CPU.Build.0 = Release|Any CPU
		{2F6470AF-AF81-4F6B-AA16-A87A700B18DB}.Release|Mixed Platforms.ActiveCfg = Release|Any CPU
		{2F6470AF-AF81-4F6B-AA16-A87A700B18DB}.Release|Mixed Platforms.Build.0 = Release|Any CPU
		{6A2C6160-2905-407B-9575-16210528F4C8}.Debug|.NET.ActiveCfg = Debug|Any CPU
		{6A2C6160-2905-407B-9575-16210528F4C8}.Debug|.NET.Build.0 = Debug|Any CPU
		{6A2C6160-2905-407B-9575-16210528F4C8}.Debug|Any CPU.ActiveCfg = Debug|Any CPU
		{6A2C6160-2905-407B-9575-16210528F4C8}.Debug|Any CPU.Build.0 = Debug|Any CPU
		{6A2C6160-2905-407B-9575-16210528F4C8}.Debug|Mixed Platforms.ActiveCfg = Debug|Any CPU
		{6A2C6160-2905-407B-9575-16210528F4C8}.Debug|Mixed Platforms.Build.0 = Debug|Any CPU
		{6A2C6160-2905-407B-9575-16210528F4C8}.Release|.NET.ActiveCfg = Release|Any CPU
		{6A2C6160-2905-407B-9575-16210528F4C8}.Release|.NET.Build.0 = Release|Any CPU
		{6A2C6160-2905-407B-9575-16210528F4C8}.Release|Any CPU.ActiveCfg = Release|Any CPU
		{6A2C6160-2905-407B-9575-16210528F4C8}.Release|Any CPU.Build.0 = Release|Any CPU
		{6A2C6160-2905-407B-9575-16210528F4C8}.Release|Mixed Platforms.ActiveCfg = Release|Any CPU
		{6A2C6160-2905-407B-9575-16210528F4C8}.Release|Mixed Platforms.Build.0 = Release|Any CPU
		{1012996F-79CF-4175-81D7-B3B131A81489}.Debug|.NET.ActiveCfg = Debug|Any CPU
		{1012996F-79CF-4175-81D7-B3B131A81489}.Debug|.NET.Build.0 = Debug|Any CPU
		{1012996F-79CF-4175-81D7-B3B131A81489}.Debug|Any CPU.ActiveCfg = Debug|Any CPU
		{1012996F-79CF-4175-81D7-B3B131A81489}.Debug|Any CPU.Build.0 = Debug|Any CPU
		{1012996F-79CF-4175-81D7-B3B131A81489}.Debug|Mixed Platforms.ActiveCfg = Debug|Any CPU
		{1012996F-79CF-4175-81D7-B3B131A81489}.Debug|Mixed Platforms.Build.0 = Debug|Any CPU
		{1012996F-79CF-4175-81D7-B3B131A81489}.Release|.NET.ActiveCfg = Release|Any CPU
		{1012996F-79CF-4175-81D7-B3B131A81489}.Release|.NET.Build.0 = Release|Any CPU
		{1012996F-79CF-4175-81D7-B3B131A81489}.Release|Any CPU.ActiveCfg = Release|Any CPU
		{1012996F-79CF-4175-81D7-B3B131A81489}.Release|Any CPU.Build.0 = Release|Any CPU
		{1012996F-79CF-4175-81D7-B3B131A81489}.Release|Mixed Platforms.ActiveCfg = Release|Any CPU
		{1012996F-79CF-4175-81D7-B3B131A81489}.Release|Mixed Platforms.Build.0 = Release|Any CPU
		{DE2B348A-1DAD-4630-9F55-788F8CCBAD02}.Debug|.NET.ActiveCfg = Debug|Any CPU
		{DE2B348A-1DAD-4630-9F55-788F8CCBAD02}.Debug|.NET.Build.0 = Debug|Any CPU
		{DE2B348A-1DAD-4630-9F55-788F8CCBAD02}.Debug|Any CPU.ActiveCfg = Debug|Any CPU
		{DE2B348A-1DAD-4630-9F55-788F8CCBAD02}.Debug|Any CPU.Build.0 = Debug|Any CPU
		{DE2B348A-1DAD-4630-9F55-788F8CCBAD02}.Debug|Mixed Platforms.ActiveCfg = Debug|Any CPU
		{DE2B348A-1DAD-4630-9F55-788F8CCBAD02}.Debug|Mixed Platforms.Build.0 = Debug|Any CPU
		{DE2B348A-1DAD-4630-9F55-788F8CCBAD02}.Release|.NET.ActiveCfg = Release|Any CPU
		{DE2B348A-1DAD-4630-9F55-788F8CCBAD02}.Release|.NET.Build.0 = Release|Any CPU
		{DE2B348A-1DAD-4630-9F55-788F8CCBAD02}.Release|Any CPU.ActiveCfg = Release|Any CPU
		{DE2B348A-1DAD-4630-9F55-788F8CCBAD02}.Release|Any CPU.Build.0 = Release|Any CPU
		{DE2B348A-1DAD-4630-9F55-788F8CCBAD02}.Release|Mixed Platforms.ActiveCfg = Release|Any CPU
		{DE2B348A-1DAD-4630-9F55-788F8CCBAD02}.Release|Mixed Platforms.Build.0 = Release|Any CPU
		{B15A45FA-02F8-4F09-A04B-13B7920CABCE}.Debug|.NET.ActiveCfg = Debug|Any CPU
		{B15A45FA-02F8-4F09-A04B-13B7920CABCE}.Debug|.NET.Build.0 = Debug|Any CPU
		{B15A45FA-02F8-4F09-A04B-13B7920CABCE}.Debug|Any CPU.ActiveCfg = Debug|Any CPU
		{B15A45FA-02F8-4F09-A04B-13B7920CABCE}.Debug|Any CPU.Build.0 = Debug|Any CPU
		{B15A45FA-02F8-4F09-A04B-13B7920CABCE}.Debug|Mixed Platforms.ActiveCfg = Debug|Any CPU
		{B15A45FA-02F8-4F09-A04B-13B7920CABCE}.Debug|Mixed Platforms.Build.0 = Debug|Any CPU
		{B15A45FA-02F8-4F09-A04B-13B7920CABCE}.Release|.NET.ActiveCfg = Release|Any CPU
		{B15A45FA-02F8-4F09-A04B-13B7920CABCE}.Release|.NET.Build.0 = Release|Any CPU
		{B15A45FA-02F8-4F09-A04B-13B7920CABCE}.Release|Any CPU.ActiveCfg = Release|Any CPU
		{B15A45FA-02F8-4F09-A04B-13B7920CABCE}.Release|Any CPU.Build.0 = Release|Any CPU
		{B15A45FA-02F8-4F09-A04B-13B7920CABCE}.Release|Mixed Platforms.ActiveCfg = Release|Any CPU
		{B15A45FA-02F8-4F09-A04B-13B7920CABCE}.Release|Mixed Platforms.Build.0 = Release|Any CPU
		{C2F70937-7E98-489C-8675-29E12790A471}.Debug|.NET.ActiveCfg = Debug|Any CPU
		{C2F70937-7E98-489C-8675-29E12790A471}.Debug|.NET.Build.0 = Debug|Any CPU
		{C2F70937-7E98-489C-8675-29E12790A471}.Debug|Any CPU.ActiveCfg = Debug|Any CPU
		{C2F70937-7E98-489C-8675-29E12790A471}.Debug|Any CPU.Build.0 = Debug|Any CPU
		{C2F70937-7E98-489C-8675-29E12790A471}.Debug|Mixed Platforms.ActiveCfg = Debug|Any CPU
		{C2F70937-7E98-489C-8675-29E12790A471}.Debug|Mixed Platforms.Build.0 = Debug|Any CPU
		{C2F70937-7E98-489C-8675-29E12790A471}.Release|.NET.ActiveCfg = Release|Any CPU
		{C2F70937-7E98-489C-8675-29E12790A471}.Release|.NET.Build.0 = Release|Any CPU
		{C2F70937-7E98-489C-8675-29E12790A471}.Release|Any CPU.ActiveCfg = Release|Any CPU
		{C2F70937-7E98-489C-8675-29E12790A471}.Release|Any CPU.Build.0 = Release|Any CPU
		{C2F70937-7E98-489C-8675-29E12790A471}.Release|Mixed Platforms.ActiveCfg = Release|Any CPU
		{C2F70937-7E98-489C-8675-29E12790A471}.Release|Mixed Platforms.Build.0 = Release|Any CPU
		{7EBE0B62-E96A-4EA9-99A2-C1BF30C2250E}.Debug|.NET.ActiveCfg = Debug|Any CPU
		{7EBE0B62-E96A-4EA9-99A2-C1BF30C2250E}.Debug|Any CPU.ActiveCfg = Debug|Any CPU
		{7EBE0B62-E96A-4EA9-99A2-C1BF30C2250E}.Debug|Any CPU.Build.0 = Debug|Any CPU
		{7EBE0B62-E96A-4EA9-99A2-C1BF30C2250E}.Debug|Mixed Platforms.ActiveCfg = Debug|Any CPU
		{7EBE0B62-E96A-4EA9-99A2-C1BF30C2250E}.Debug|Mixed Platforms.Build.0 = Debug|Any CPU
		{7EBE0B62-E96A-4EA9-99A2-C1BF30C2250E}.Release|.NET.ActiveCfg = Release|Any CPU
		{7EBE0B62-E96A-4EA9-99A2-C1BF30C2250E}.Release|Any CPU.ActiveCfg = Release|Any CPU
		{7EBE0B62-E96A-4EA9-99A2-C1BF30C2250E}.Release|Any CPU.Build.0 = Release|Any CPU
		{7EBE0B62-E96A-4EA9-99A2-C1BF30C2250E}.Release|Mixed Platforms.ActiveCfg = Release|Any CPU
	EndGlobalSection
	GlobalSection(SolutionProperties) = preSolution
		HideSolutionNode = FALSE
	EndGlobalSection
EndGlobal
