
Microsoft Visual Studio Solution File, Format Version 9.00
# Visual Studio 2005
Project("{FAE04EC0-301F-11D3-BF4B-00C04F79EFBC}") = "DotNetNuke.WebControls.Converted", "DotNetNuke.WebControls.Converted.csproj", "{92275BB2-2780-4279-8BC8-C79935B2B114}"
EndProject
Global
	GlobalSection(SolutionConfigurationPlatforms) = preSolution
		Debug|Any CPU = Debug|Any CPU
		Release|Any CPU = Release|Any CPU
	EndGlobalSection
	GlobalSection(ProjectConfigurationPlatforms) = postSolution
		{92275BB2-2780-4279-8BC8-C79935B2B114}.Debug|Any CPU.ActiveCfg = Debug|Any CPU
		{92275BB2-2780-4279-8BC8-C79935B2B114}.Debug|Any CPU.Build.0 = Debug|Any CPU
		{92275BB2-2780-4279-8BC8-C79935B2B114}.Release|Any CPU.ActiveCfg = Release|Any CPU
		{92275BB2-2780-4279-8BC8-C79935B2B114}.Release|Any CPU.Build.0 = Release|Any CPU
	EndGlobalSection
	GlobalSection(SolutionProperties) = preSolution
		HideSolutionNode = FALSE
	EndGlobalSection
EndGlobal
